<?xml version="1.0" encoding="utf-8"?>
<Project xmlns="http://schemas.microsoft.com/developer/msbuild/2003" ToolsVersion="4.0">
  <ItemGroup>
    <Filter Include="來源檔案">
      <UniqueIdentifier>{4FC737F1-C7A5-4376-A066-2A32D752A2FF}</UniqueIdentifier>
      <Extensions>cpp;c;cc;cxx;c++;cppm;ixx;def;odl;idl;hpj;bat;asm;asmx</Extensions>
    </Filter>
    <Filter Include="標頭檔">
      <UniqueIdentifier>{93995380-89BD-4b04-88EB-625FBE52EBFB}</UniqueIdentifier>
      <Extensions>h;hh;hpp;hxx;h++;hm;inl;inc;ipp;xsd</Extensions>
    </Filter>
    <Filter Include="資源檔">
      <UniqueIdentifier>{67DA6AB6-F800-4c08-8B7A-83BB121AAD01}</UniqueIdentifier>
      <Extensions>rc;ico;cur;bmp;dlg;rc2;rct;bin;rgs;gif;jpg;jpeg;jpe;resx;tiff;tif;png;wav;mfcribbon-ms</Extensions>
    </Filter>
    <Filter Include="來源檔案\Sound">
      <UniqueIdentifier>{518d8522-100d-4d76-819a-cdc51fadda59}</UniqueIdentifier>
    </Filter>
    <Filter Include="標頭檔\Sound">
      <UniqueIdentifier>{67ab20e8-aa8c-49b8-9578-1145e0dc83c0}</UniqueIdentifier>
    </Filter>
    <Filter Include="標頭檔\fmod">
      <UniqueIdentifier>{012e5b89-20ab-41e0-b3d3-5a78ac89a086}</UniqueIdentifier>
    </Filter>
  </ItemGroup>
  <ItemGroup>
    <ClCompile Include="main.cpp">
      <Filter>來源檔案</Filter>
    </ClCompile>
    <ClCompile Include="src\Sound\COgg.cpp">
      <Filter>來源檔案\Sound</Filter>
    </ClCompile>
    <ClCompile Include="src\Image\Comp.cpp">
      <Filter>來源檔案</Filter>
    </ClCompile>
    <ClCompile Include="src\Image\GIVertex.cpp">
      <Filter>來源檔案</Filter>
    </ClCompile>
    <ClCompile Include="src\Image\CDeviceManager.cpp">
      <Filter>來源檔案</Filter>
    </ClCompile>
    <ClCompile Include="src\Image\ImageResource.cpp">
      <Filter>來源檔案</Filter>
    </ClCompile>
    <ClCompile Include="src\Image\ImageResourceListDataMgr.cpp">
      <Filter>來源檔案</Filter>
    </ClCompile>
    <ClCompile Include="src\Image\CDeviceResetManager.cpp">
      <Filter>來源檔案</Filter>
    </ClCompile>
    <ClCompile Include="src\Image\cltBaseResource.cpp">
      <Filter>來源檔案</Filter>
    </ClCompile>
    <ClCompile Include="src\Image\cltGIResource.cpp">
      <Filter>來源檔案</Filter>
    </ClCompile>
    <ClCompile Include="src\Image\Image.cpp">
      <Filter>來源檔案</Filter>
    </ClCompile>
    <ClCompile Include="src\Image\BackgroundImage.cpp">
      <Filter>來源檔案</Filter>
    </ClCompile>
    <ClCompile Include="src\Image\cltImageManager.cpp">
      <Filter>來源檔案</Filter>
    </ClCompile>
    <ClCompile Include="src\Image\GameImage.cpp">
      <Filter>來源檔案</Filter>
    </ClCompile>
    <ClCompile Include="src\Image\LoadingThread.cpp">
      <Filter>來源檔案</Filter>
    </ClCompile>
    <ClCompile Include="src\Image\ResourceMgr.cpp">
      <Filter>來源檔案</Filter>
    </ClCompile>
    <ClCompile Include="src\Test\CompTest.cpp">
      <Filter>來源檔案</Filter>
    </ClCompile>
    <ClCompile Include="src\Test\ImageTest.cpp">
      <Filter>來源檔案</Filter>
    </ClCompile>
    <ClCompile Include="src\Image\VertexBufferDataMgr.cpp">
      <Filter>來源檔案</Filter>
    </ClCompile>
    <ClCompile Include="src\Image\TextureListDataMgr.cpp">
      <Filter>來源檔案</Filter>
    </ClCompile>
    <ClCompile Include="src\Test\ImageDrawTest.cpp">
      <Filter>來源檔案</Filter>
    </ClCompile>
    <ClCompile Include="src\Effect\CEffectBase.cpp">
      <Filter>來源檔案</Filter>
    </ClCompile>
    <ClCompile Include="src\Effect\CCAEffect.cpp">
      <Filter>來源檔案</Filter>
    </ClCompile>
    <ClCompile Include="src\global.cpp">
      <Filter>來源檔案</Filter>
    </ClCompile>
    <ClCompile Include="src\Effect\CEffectManager.cpp">
      <Filter>來源檔案</Filter>
    </ClCompile>
    <ClCompile Include="src\Effect\cltMoFC_EffectKindInfo.cpp">
      <Filter>來源檔案</Filter>
    </ClCompile>
    <ClCompile Include="src\Effect\CEAManager.cpp">
      <Filter>來源檔案</Filter>
    </ClCompile>
    <ClCompile Include="src\Effect\CEffect_Skill_Type_Once.cpp">
      <Filter>來源檔案</Filter>
    </ClCompile>
    <ClCompile Include="src\Effect\CEffect_Skill_Type_Directed.cpp">
      <Filter>來源檔案</Filter>
    </ClCompile>
    <ClCompile Include="src\Effect\CEffect_Skill_Type_Sustain.cpp">
      <Filter>來源檔案</Filter>
    </ClCompile>
    <ClCompile Include="src\Effect\CEffect_Skill_Type_ShootUnit.cpp">
      <Filter>來源檔案</Filter>
    </ClCompile>
    <ClCompile Include="src\Effect\CEffect_Battle_GunShoot.cpp">
      <Filter>來源檔案</Filter>
    </ClCompile>
    <ClCompile Include="src\Effect\CEffect_Battle_GunSpark.cpp">
      <Filter>來源檔案</Filter>
    </ClCompile>
    <ClCompile Include="src\Effect\CEffect_Field_Walkdust.cpp">
      <Filter>來源檔案</Filter>
    </ClCompile>
    <ClCompile Include="src\Effect\CEffect_Item_Type_Once.cpp">
      <Filter>來源檔案</Filter>
    </ClCompile>
    <ClCompile Include="src\Effect\CEffectUseHitMulti.cpp">
      <Filter>來源檔案</Filter>
    </ClCompile>
    <ClCompile Include="src\Effect\CEffect_Battle_BowShoot.cpp">
      <Filter>來源檔案</Filter>
    </ClCompile>
    <ClCompile Include="src\Effect\CEffect_Battle_Hit_Normal.cpp">
      <Filter>來源檔案</Filter>
    </ClCompile>
    <ClCompile Include="src\Effect\CEffect_Battle_HorizonCut.cpp">
      <Filter>來源檔案</Filter>
    </ClCompile>
    <ClCompile Include="src\Effect\CEffect_Battle_MagicBook.cpp">
      <Filter>來源檔案</Filter>
    </ClCompile>
    <ClCompile Include="src\Effect\CEffect_Battle_DownCut.cpp">
      <Filter>來源檔案</Filter>
    </ClCompile>
    <ClCompile Include="src\Effect\CEffect_Battle_Pierce.cpp">
      <Filter>來源檔案</Filter>
    </ClCompile>
    <ClCompile Include="src\Effect\CEffect_Battle_StaffShoot.cpp">
      <Filter>來源檔案</Filter>
    </ClCompile>
    <ClCompile Include="src\Effect\CEffect_Battle_TwoHandCut.cpp">
      <Filter>來源檔案</Filter>
    </ClCompile>
    <ClCompile Include="src\Effect\CEffect_Battle_UpperCut.cpp">
      <Filter>來源檔案</Filter>
    </ClCompile>
    <ClCompile Include="src\Effect\CEffect_Field_AttackMiss.cpp">
      <Filter>來源檔案</Filter>
    </ClCompile>
    <ClCompile Include="src\Effect\CEffect_Field_CriticalNumber.cpp">
      <Filter>來源檔案</Filter>
    </ClCompile>
    <ClCompile Include="src\Effect\CEffect_Field_DamageNumber.cpp">
      <Filter>來源檔案</Filter>
    </ClCompile>
    <ClCompile Include="src\Effect\CEffect_Field_ExpNumber.cpp">
      <Filter>來源檔案</Filter>
    </ClCompile>
    <ClCompile Include="src\Effect\CEffect_Field_HealNumber.cpp">
      <Filter>來源檔案</Filter>
    </ClCompile>
    <ClCompile Include="src\Effect\CEffect_Field_Pet_ItemPick.cpp">
      <Filter>來源檔案</Filter>
    </ClCompile>
    <ClCompile Include="src\Effect\CEffect_Field_Pet_ItemPick_Sub.cpp">
      <Filter>來源檔案</Filter>
    </ClCompile>
    <ClCompile Include="src\Effect\CEffect_Field_Miss.cpp">
      <Filter>來源檔案</Filter>
    </ClCompile>
    <ClCompile Include="src\Effect\CEffect_Field_ItemPick.cpp">
      <Filter>來源檔案</Filter>
    </ClCompile>
    <ClCompile Include="src\Effect\CEffect_Field_ItemPick_Sub.cpp">
      <Filter>來源檔案</Filter>
    </ClCompile>
    <ClCompile Include="src\Character\ClientCharacter.cpp">
      <Filter>來源檔案</Filter>
    </ClCompile>
    <ClCompile Include="src\Effect\CEffect_OverMind_Screen.cpp">
      <Filter>來源檔案</Filter>
    </ClCompile>
    <ClCompile Include="src\Character\ClientCharacterManager.cpp">
      <Filter>來源檔案</Filter>
    </ClCompile>
    <ClCompile Include="src\Test\EffectSystemTest.cpp">
      <Filter>來源檔案</Filter>
    </ClCompile>
    <ClCompile Include="src\Effect\CEffect_Field_Recall_Potal.cpp">
      <Filter>來源檔案</Filter>
    </ClCompile>
    <ClCompile Include="src\Effect\CEffect_Field_Warp.cpp">
      <Filter>來源檔案</Filter>
    </ClCompile>
    <ClCompile Include="src\Effect\CEffect_Hit_Critical.cpp">
      <Filter>來源檔案</Filter>
    </ClCompile>
    <ClCompile Include="src\Effect\CEffect_Item_Use_HPPotion.cpp">
      <Filter>來源檔案</Filter>
    </ClCompile>
    <ClCompile Include="src\Effect\CEffect_MapEffect.cpp">
      <Filter>來源檔案</Filter>
    </ClCompile>
    <ClCompile Include="src\Effect\CEffect_MiniGame_Archer_String.cpp">
      <Filter>來源檔案</Filter>
    </ClCompile>
    <ClCompile Include="src\Effect\CEffect_MiniGame_Class_Sword.cpp">
      <Filter>來源檔案</Filter>
    </ClCompile>
    <ClCompile Include="src\Effect\CEffect_MiniGame_Fighter_Break.cpp">
      <Filter>來源檔案</Filter>
    </ClCompile>
    <ClCompile Include="src\Effect\CEffect_MiniGame_Fighter_String.cpp">
      <Filter>來源檔案</Filter>
    </ClCompile>
    <ClCompile Include="src\Effect\CEffect_MiniGame_MagicStick_Left.cpp">
      <Filter>來源檔案</Filter>
    </ClCompile>
    <ClCompile Include="src\Effect\CEffect_MiniGame_MagicStick_Right.cpp">
      <Filter>來源檔案</Filter>
    </ClCompile>
    <ClCompile Include="src\Effect\CEffect_MiniGame_Priest_Heal.cpp">
      <Filter>來源檔案</Filter>
    </ClCompile>
    <ClCompile Include="src\Effect\CEffect_MiniGame_Priest_Light.cpp">
      <Filter>來源檔案</Filter>
    </ClCompile>
    <ClCompile Include="src\Effect\CEffect_MiniGame_Wizard_String.cpp">
      <Filter>來源檔案</Filter>
    </ClCompile>
    <ClCompile Include="src\Effect\CEffect_Mon_DarkBall.cpp">
      <Filter>來源檔案</Filter>
    </ClCompile>
    <ClCompile Include="src\Effect\CEffect_Mon_DarkSpark.cpp">
      <Filter>來源檔案</Filter>
    </ClCompile>
    <ClCompile Include="src\Effect\CEffect_Mon_Die_Ghost.cpp">
      <Filter>來源檔案</Filter>
    </ClCompile>
    <ClCompile Include="src\Effect\CEffect_Mon_ElecSpark.cpp">
      <Filter>來源檔案</Filter>
    </ClCompile>
    <ClCompile Include="src\Effect\CEffect_Mon_FireSpark.cpp">
      <Filter>來源檔案</Filter>
    </ClCompile>
    <ClCompile Include="src\Effect\CEffect_Pet_Base.cpp">
      <Filter>來源檔案</Filter>
    </ClCompile>
    <ClCompile Include="src\Pet\cltPetObject.cpp">
      <Filter>來源檔案</Filter>
    </ClCompile>
    <ClCompile Include="src\Effect\CEffect_Player_Dead.cpp">
      <Filter>來源檔案</Filter>
    </ClCompile>
    <ClCompile Include="src\Effect\CEffect_Player_EnchantLevel.cpp">
      <Filter>來源檔案</Filter>
    </ClCompile>
    <ClCompile Include="src\Effect\CEffect_Player_FItem_Effect.cpp">
      <Filter>來源檔案</Filter>
    </ClCompile>
    <ClCompile Include="src\Effect\CEffect_Player_Goggles.cpp">
      <Filter>來源檔案</Filter>
    </ClCompile>
    <ClCompile Include="src\Effect\CEffect_Player_MapConqueror.cpp">
      <Filter>來源檔案</Filter>
    </ClCompile>
    <ClCompile Include="src\Effect\CEffect_Player_PCRoom_Effect.cpp">
      <Filter>來源檔案</Filter>
    </ClCompile>
    <ClCompile Include="src\Effect\CEffect_Player_Special_Top_Effect.cpp">
      <Filter>來源檔案</Filter>
    </ClCompile>
    <ClCompile Include="src\Effect\CEffect_Player_Special_Bottom_Effect.cpp">
      <Filter>來源檔案</Filter>
    </ClCompile>
    <ClCompile Include="src\Effect\CEffect_Player_Tolerance.cpp">
      <Filter>來源檔案</Filter>
    </ClCompile>
    <ClCompile Include="src\Effect\CEffect_Player_WeatherPreView.cpp">
      <Filter>來源檔案</Filter>
    </ClCompile>
    <ClCompile Include="src\Effect\CEffect_Portal.cpp">
      <Filter>來源檔案</Filter>
    </ClCompile>
    <ClCompile Include="src\Effect\CEffect_Skill_Blocking.cpp">
      <Filter>來源檔案</Filter>
    </ClCompile>
    <ClCompile Include="src\Effect\CEffect_Skill_Freezing.cpp">
      <Filter>來源檔案</Filter>
    </ClCompile>
    <ClCompile Include="src\Effect\CEffect_Skill_Heal.cpp">
      <Filter>來源檔案</Filter>
    </ClCompile>
    <ClCompile Include="src\Effect\CEffect_Skill_HealPray.cpp">
      <Filter>來源檔案</Filter>
    </ClCompile>
    <ClCompile Include="src\Effect\CEffect_Skill_Hit.cpp">
      <Filter>來源檔案</Filter>
    </ClCompile>
    <ClCompile Include="src\Effect\CEffect_Skill_Integrity.cpp">
      <Filter>來源檔案</Filter>
    </ClCompile>
    <ClCompile Include="src\Effect\CEffect_Skill_OtherHeal.cpp">
      <Filter>來源檔案</Filter>
    </ClCompile>
    <ClCompile Include="src\Effect\CEffect_Skill_Resurrection.cpp">
      <Filter>來源檔案</Filter>
    </ClCompile>
    <ClCompile Include="src\Effect\CEffect_Skill_SpeedUP.cpp">
      <Filter>來源檔案</Filter>
    </ClCompile>
    <ClCompile Include="src\Effect\CEffect_Skill_Take.cpp">
      <Filter>來源檔案</Filter>
    </ClCompile>
    <ClCompile Include="src\Effect\CEffect_Skill_Trap_Explosion.cpp">
      <Filter>來源檔案</Filter>
    </ClCompile>
    <ClCompile Include="src\Effect\CEffect_Skill_Type_Directed_Target.cpp">
      <Filter>來源檔案</Filter>
    </ClCompile>
    <ClCompile Include="src\Effect\CEffect_WeddingHall.cpp">
      <Filter>來源檔案</Filter>
    </ClCompile>
    <ClCompile Include="src\Effect\CEffect_Use_Hit.cpp">
      <Filter>來源檔案</Filter>
    </ClCompile>
    <ClCompile Include="src\Effect\CEffect_UI_ButtonSide.cpp">
      <Filter>來源檔案</Filter>
    </ClCompile>
    <ClCompile Include="src\Effect\CEffect_UI_HP_MP_Number.cpp">
      <Filter>來源檔案</Filter>
    </ClCompile>
    <ClCompile Include="src\Effect\CEffect_UI_SkillSet.cpp">
      <Filter>來源檔案</Filter>
    </ClCompile>
    <ClCompile Include="src\Effect\CEffect_UI_WorldMap_Light.cpp">
      <Filter>來源檔案</Filter>
    </ClCompile>
    <ClCompile Include="src\Effect\CBulletBase.cpp">
      <Filter>來源檔案</Filter>
    </ClCompile>
    <ClCompile Include="src\Effect\CBulletArrow.cpp">
      <Filter>來源檔案</Filter>
    </ClCompile>
    <ClCompile Include="src\UI\CListMgr.cpp">
      <Filter>Source Files</Filter>
    </ClCompile>
    <ClCompile Include="src\UI\CControlBase.cpp">
      <Filter>Source Files</Filter>
    </ClCompile>
    <ClCompile Include="src\UI\CControlAlphaBox.cpp">
      <Filter>Source Files</Filter>
    </ClCompile>
    <ClCompile Include="src\UI\CControlImage.cpp">
      <Filter>Source Files</Filter>
    </ClCompile>
    <ClCompile Include="src\UI\CControlText.cpp">
      <Filter>Source Files</Filter>
    </ClCompile>
    <ClCompile Include="src\UI\CControlButtonBase.cpp">
      <Filter>Source Files</Filter>
    </ClCompile>
    <ClCompile Include="src\UI\CMoveIcon.cpp">
      <Filter>Source Files</Filter>
    </ClCompile>
    <ClCompile Include="src\Font\FileCrypt.cpp">
      <Filter>Source Files</Filter>
    </ClCompile>
    <ClCompile Include="src\Font\FTInfo.cpp">
      <Filter>Source Files</Filter>
    </ClCompile>
    <ClCompile Include="src\Font\CMoFFontTextureManager.cpp">
      <Filter>Source Files</Filter>
    </ClCompile>
    <ClCompile Include="src\Font\TextLineInfoListMgr.cpp">
      <Filter>Source Files</Filter>
    </ClCompile>
    <ClCompile Include="src\Font\TILInfo.cpp">
      <Filter>Source Files</Filter>
    </ClCompile>
    <ClCompile Include="src\Font\TextInfoListMgr.cpp">
      <Filter>Source Files</Filter>
    </ClCompile>
    <ClCompile Include="src\Font\MoFFont.cpp">
      <Filter>Source Files</Filter>
    </ClCompile>
    <ClCompile Include="src\UI\stToolTipData.cpp">
      <Filter>來源檔案</Filter>
    </ClCompile>
    <ClCompile Include="src\Text\Huffman.cpp">
      <Filter>來源檔案</Filter>
    </ClCompile>
    <ClCompile Include="src\Text\cltTextFileManager.cpp">
      <Filter>Source Files</Filter>
    </ClCompile>
    <ClCompile Include="src\Text\DCTTextManager.cpp">
      <Filter>Source Files</Filter>
    </ClCompile>
    <ClCompile Include="src\Test\FontSystemTest.cpp">
      <Filter>來源檔案</Filter>
    </ClCompile>
    <ClCompile Include="src\UI\CEditBoxBackgroundImage.cpp">
      <Filter>Source Files</Filter>
    </ClCompile>
    <ClCompile Include="src\FileSystem\CMOFPacking.cpp">
      <Filter>來源檔案</Filter>
    </ClCompile>
    <ClCompile Include="src\FileSystem\nfs.cpp">
      <Filter>來源檔案</Filter>
    </ClCompile>
    <ClCompile Include="src\Test\cm_packing_integration_test.cpp">
      <Filter>來源檔案</Filter>
    </ClCompile>
    <ClCompile Include="src\Test\nfs_test.cpp">
      <Filter>來源檔案</Filter>
    </ClCompile>
    <ClCompile Include="src\Test\Test.cpp">
      <Filter>來源檔案</Filter>
    </ClCompile>
    <ClCompile Include="src\Test\UI_Basic_Test.cpp">
      <Filter>來源檔案</Filter>
    </ClCompile>
    <ClCompile Include="src\Text\DCTIMM.cpp">
      <Filter>來源檔案</Filter>
    </ClCompile>
    <ClCompile Include="src\Text\DCTIMMList.cpp">
      <Filter>來源檔案</Filter>
    </ClCompile>
    <ClCompile Include="src\UI\CControlEditBox.cpp">
      <Filter>來源檔案</Filter>
    </ClCompile>
    <ClCompile Include="src\UI\CControlImageTriple.cpp">
      <Filter>來源檔案</Filter>
    </ClCompile>
    <ClCompile Include="src\UI\CControlMyItem.cpp">
      <Filter>來源檔案</Filter>
    </ClCompile>
    <ClCompile Include="src\UI\CControlBoxBase.cpp">
      <Filter>來源檔案</Filter>
    </ClCompile>
    <ClCompile Include="src\UI\CControlCount.cpp">
      <Filter>來源檔案</Filter>
    </ClCompile>
    <ClCompile Include="src\UI\CControlButton.cpp">
      <Filter>來源檔案</Filter>
    </ClCompile>
    <ClCompile Include="src\UI\CControlCountBar.cpp">
      <Filter>來源檔案</Filter>
    </ClCompile>
    <ClCompile Include="src\UI\CControlCountScrollButton.cpp">
      <Filter>來源檔案</Filter>
    </ClCompile>
    <ClCompile Include="src\UI\CControlBoxBuyPetFeed.cpp">
      <Filter>來源檔案</Filter>
    </ClCompile>
    <ClCompile Include="src\UI\CControlBoxAbility.cpp">
      <Filter>來源檔案</Filter>
    </ClCompile>
    <ClCompile Include="src\UI\CControlBoxBuySkill.cpp">
      <Filter>來源檔案</Filter>
    </ClCompile>
    <ClCompile Include="src\UI\CControlBoxEquip.cpp">
      <Filter>來源檔案</Filter>
    </ClCompile>
    <ClCompile Include="src\UI\CControlNumberBox.cpp">
      <Filter>來源檔案</Filter>
    </ClCompile>
    <ClCompile Include="src\UI\CControlNumberImage.cpp">
      <Filter>來源檔案</Filter>
    </ClCompile>
    <ClCompile Include="src\UI\CControlPageScroll.cpp">
      <Filter>來源檔案</Filter>
    </ClCompile>
    <ClCompile Include="src\UI\CControlBoxInvenItem.cpp">
      <Filter>來源檔案</Filter>
    </ClCompile>
    <ClCompile Include="src\UI\CControlBoxCashShopStrgItem.cpp">
      <Filter>來源檔案</Filter>
    </ClCompile>
    <ClCompile Include="src\UI\CControlBoxLessonList.cpp">
      <Filter>來源檔案</Filter>
    </ClCompile>
    <ClCompile Include="src\UI\CControlBoxLessonSchedule.cpp">
      <Filter>來源檔案</Filter>
    </ClCompile>
    <ClCompile Include="src\UI\CControlBoxMaking.cpp">
      <Filter>來源檔案</Filter>
    </ClCompile>
    <ClCompile Include="src\UI\CControlBoxQuest.cpp">
      <Filter>來源檔案</Filter>
    </ClCompile>
    <ClCompile Include="src\UI\CControlBoxQuestAlarm.cpp">
      <Filter>來源檔案</Filter>
    </ClCompile>
    <ClCompile Include="src\UI\CControlBoxShopItem.cpp">
      <Filter>來源檔案</Filter>
    </ClCompile>
    <ClCompile Include="src\UI\CControlBoxSkill.cpp">
      <Filter>來源檔案</Filter>
    </ClCompile>
    <ClCompile Include="src\UI\CControlBoxSpecialty.cpp">
      <Filter>來源檔案</Filter>
    </ClCompile>
    <ClCompile Include="src\UI\CControlChatBallon.cpp">
      <Filter>來源檔案</Filter>
    </ClCompile>
    <ClCompile Include="src\UI\CControlCheckButton.cpp">
      <Filter>來源檔案</Filter>
    </ClCompile>
    <ClCompile Include="src\UI\CControlMoveText.cpp">
      <Filter>來源檔案</Filter>
    </ClCompile>
    <ClCompile Include="src\UI\CControlTab.cpp">
      <Filter>來源檔案</Filter>
    </ClCompile>
    <ClCompile Include="src\UI\CControlTabMgr.cpp">
      <Filter>來源檔案</Filter>
    </ClCompile>
    <ClCompile Include="src\UI\CControlPosButton.cpp">
      <Filter>來源檔案</Filter>
    </ClCompile>
  </ItemGroup>
  <ItemGroup>
    <ClInclude Include="inc\Sound\COgg.h">
      <Filter>標頭檔\Sound</Filter>
    </ClInclude>
    <ClInclude Include="inc\fmod\fmod.h">
      <Filter>標頭檔\fmod</Filter>
    </ClInclude>
    <ClInclude Include="inc\fmod\fmod_errors.h">
      <Filter>標頭檔\fmod</Filter>
    </ClInclude>
    <ClInclude Include="inc\fmod\fmoddyn.h">
      <Filter>標頭檔\fmod</Filter>
    </ClInclude>
    <ClInclude Include="inc\fmod\wincompat.h">
      <Filter>標頭檔\fmod</Filter>
    </ClInclude>
    <ClInclude Include="inc\Image\Comp.h">
      <Filter>標頭檔</Filter>
    </ClInclude>
    <ClInclude Include="inc\Image\GIVertex.h">
      <Filter>標頭檔</Filter>
    </ClInclude>
    <ClInclude Include="inc\Image\CDeviceManager.h">
      <Filter>標頭檔</Filter>
    </ClInclude>
    <ClInclude Include="inc\Image\ImageResource.h">
      <Filter>標頭檔</Filter>
    </ClInclude>
    <ClInclude Include="inc\Image\ImageResourceListDataMgr.h">
      <Filter>標頭檔</Filter>
    </ClInclude>
    <ClInclude Include="inc\Image\CDeviceResetManager.h">
      <Filter>標頭檔</Filter>
    </ClInclude>
    <ClInclude Include="inc\Image\cltBaseResource.h">
      <Filter>標頭檔</Filter>
    </ClInclude>
    <ClInclude Include="inc\Image\cltGIResource.h">
      <Filter>標頭檔</Filter>
    </ClInclude>
    <ClInclude Include="inc\Image\Image.h">
      <Filter>標頭檔</Filter>
    </ClInclude>
    <ClInclude Include="inc\Image\BackgroundImage.h">
      <Filter>標頭檔</Filter>
    </ClInclude>
    <ClInclude Include="inc\Image\GameImage.h">
      <Filter>標頭檔</Filter>
    </ClInclude>
    <ClInclude Include="inc\Image\cltImageManager.h">
      <Filter>標頭檔</Filter>
    </ClInclude>
    <ClInclude Include="inc\Image\LoadingThread.h">
      <Filter>標頭檔</Filter>
    </ClInclude>
    <ClInclude Include="inc\Image\ResourceMgr.h">
      <Filter>標頭檔</Filter>
    </ClInclude>
    <ClInclude Include="inc\Test\CompTest.h">
      <Filter>標頭檔</Filter>
    </ClInclude>
    <ClInclude Include="inc\Test\ImageTest.h">
      <Filter>標頭檔</Filter>
    </ClInclude>
    <ClInclude Include="inc\Image\VertexBufferDataMgr.h">
      <Filter>標頭檔</Filter>
    </ClInclude>
    <ClInclude Include="inc\Image\TextureListDataMgr.h">
      <Filter>標頭檔</Filter>
    </ClInclude>
    <ClInclude Include="inc\Test\ImageDrawTest.h">
      <Filter>標頭檔</Filter>
    </ClInclude>
    <ClInclude Include="inc\Effect\CEffectBase.h">
      <Filter>標頭檔</Filter>
    </ClInclude>
    <ClInclude Include="inc\Effect\CCAEffect.h">
      <Filter>標頭檔</Filter>
    </ClInclude>
    <ClInclude Include="inc\global.h">
      <Filter>標頭檔</Filter>
    </ClInclude>
    <ClInclude Include="inc\Effect\CEffectManager.h">
      <Filter>標頭檔</Filter>
    </ClInclude>
    <ClInclude Include="inc\Effect\cltMoFC_EffectKindInfo.h">
      <Filter>標頭檔</Filter>
    </ClInclude>
    <ClInclude Include="inc\Effect\CEAManager.h">
      <Filter>標頭檔</Filter>
    </ClInclude>
    <ClInclude Include="inc\Effect\CEffect_Skill_Type_Once.h">
      <Filter>標頭檔</Filter>
    </ClInclude>
    <ClInclude Include="inc\Effect\CEffect_Skill_Type_Directed.h">
      <Filter>標頭檔</Filter>
    </ClInclude>
    <ClInclude Include="inc\Effect\CEffect_Skill_Type_Sustain.h">
      <Filter>標頭檔</Filter>
    </ClInclude>
    <ClInclude Include="inc\Effect\CEffect_Skill_Type_ShootUnit.h">
      <Filter>標頭檔</Filter>
    </ClInclude>
    <ClInclude Include="inc\Effect\CEffect_Battle_GunShoot.h">
      <Filter>標頭檔</Filter>
    </ClInclude>
    <ClInclude Include="inc\Effect\CEffect_Battle_GunSpark.h">
      <Filter>標頭檔</Filter>
    </ClInclude>
    <ClInclude Include="inc\Effect\CEffect_Field_Walkdust.h">
      <Filter>標頭檔</Filter>
    </ClInclude>
    <ClInclude Include="inc\Effect\CEffect_Item_Type_Once.h">
      <Filter>標頭檔</Filter>
    </ClInclude>
    <ClInclude Include="inc\Effect\CEffectUseHitMulti.h">
      <Filter>標頭檔</Filter>
    </ClInclude>
    <ClInclude Include="inc\Effect\CEffect_Battle_BowShoot.h">
      <Filter>標頭檔</Filter>
    </ClInclude>
    <ClInclude Include="inc\Effect\CEffect_Battle_Hit_Normal.h">
      <Filter>標頭檔</Filter>
    </ClInclude>
    <ClInclude Include="inc\Effect\CEffect_Battle_HorizonCut.h">
      <Filter>標頭檔</Filter>
    </ClInclude>
    <ClInclude Include="inc\Effect\CEffect_Battle_MagicBook.h">
      <Filter>標頭檔</Filter>
    </ClInclude>
    <ClInclude Include="inc\Effect\CEffect_Battle_DownCut.h">
      <Filter>標頭檔</Filter>
    </ClInclude>
    <ClInclude Include="inc\Effect\CEffect_Battle_Pierce.h">
      <Filter>標頭檔</Filter>
    </ClInclude>
    <ClInclude Include="inc\Effect\CEffect_Battle_StaffShoot.h">
      <Filter>標頭檔</Filter>
    </ClInclude>
    <ClInclude Include="inc\Effect\CEffect_Battle_TwoHandCut.h">
      <Filter>標頭檔</Filter>
    </ClInclude>
    <ClInclude Include="inc\Effect\CEffect_Battle_UpperCut.h">
      <Filter>標頭檔</Filter>
    </ClInclude>
    <ClInclude Include="inc\Effect\CEffect_Field_AttackMiss.h">
      <Filter>標頭檔</Filter>
    </ClInclude>
    <ClInclude Include="inc\Effect\CEffect_Field_CriticalNumber.h">
      <Filter>標頭檔</Filter>
    </ClInclude>
    <ClInclude Include="inc\Effect\CEffect_Field_DamageNumber.h">
      <Filter>標頭檔</Filter>
    </ClInclude>
    <ClInclude Include="inc\Effect\CEffect_Field_ExpNumber.h">
      <Filter>標頭檔</Filter>
    </ClInclude>
    <ClInclude Include="inc\Effect\CEffect_Field_HealNumber.h">
      <Filter>標頭檔</Filter>
    </ClInclude>
    <ClInclude Include="inc\Effect\CEffect_Field_Pet_ItemPick.h">
      <Filter>標頭檔</Filter>
    </ClInclude>
    <ClInclude Include="inc\Effect\CEffect_Field_Pet_ItemPick_Sub.h">
      <Filter>標頭檔</Filter>
    </ClInclude>
    <ClInclude Include="inc\Effect\CEffect_Field_Miss.h">
      <Filter>標頭檔</Filter>
    </ClInclude>
    <ClInclude Include="inc\Effect\CEffect_Field_ItemPick.h">
      <Filter>標頭檔</Filter>
    </ClInclude>
    <ClInclude Include="inc\Effect\CEffect_Field_ItemPick_Sub.h">
      <Filter>標頭檔</Filter>
    </ClInclude>
    <ClInclude Include="inc\Character\ClientCharacter.h">
      <Filter>標頭檔</Filter>
    </ClInclude>
    <ClInclude Include="inc\Effect\CEffect_OverMind_Screen.h">
      <Filter>標頭檔</Filter>
    </ClInclude>
    <ClInclude Include="inc\Character\ClientCharacterManager.h">
      <Filter>標頭檔</Filter>
    </ClInclude>
    <ClInclude Include="inc\Test\EffectSystemTest.h">
      <Filter>標頭檔</Filter>
    </ClInclude>
    <ClInclude Include="inc\Effect\CEffect_Field_Recall_Potal.h">
      <Filter>標頭檔</Filter>
    </ClInclude>
    <ClInclude Include="inc\Effect\CEffect_Field_Warp.h">
      <Filter>標頭檔</Filter>
    </ClInclude>
    <ClInclude Include="inc\Effect\CEffect_Hit_Critical.h">
      <Filter>標頭檔</Filter>
    </ClInclude>
    <ClInclude Include="inc\Effect\CEffect_Item_Use_HPPotion.h">
      <Filter>標頭檔</Filter>
    </ClInclude>
    <ClInclude Include="inc\Effect\CEffect_MapEffect.h">
      <Filter>標頭檔</Filter>
    </ClInclude>
    <ClInclude Include="inc\Effect\CEffect_MiniGame_Archer_String.h">
      <Filter>標頭檔</Filter>
    </ClInclude>
    <ClInclude Include="inc\Effect\CEffect_MiniGame_Class_Sword.h">
      <Filter>標頭檔</Filter>
    </ClInclude>
    <ClInclude Include="inc\Effect\CEffect_MiniGame_Fighter_Break.h">
      <Filter>標頭檔</Filter>
    </ClInclude>
    <ClInclude Include="inc\Effect\CEffect_MiniGame_Fighter_String.h">
      <Filter>標頭檔</Filter>
    </ClInclude>
    <ClInclude Include="inc\Effect\CEffect_MiniGame_MagicStick_Left.h">
      <Filter>標頭檔</Filter>
    </ClInclude>
    <ClInclude Include="inc\Effect\CEffect_MiniGame_MagicStick_Right.h">
      <Filter>標頭檔</Filter>
    </ClInclude>
    <ClInclude Include="inc\Effect\CEffect_MiniGame_Priest_Heal.h">
      <Filter>標頭檔</Filter>
    </ClInclude>
    <ClInclude Include="inc\Effect\CEffect_MiniGame_Priest_Light.h">
      <Filter>標頭檔</Filter>
    </ClInclude>
    <ClInclude Include="inc\Effect\CEffect_MiniGame_Wizard_String.h">
      <Filter>標頭檔</Filter>
    </ClInclude>
    <ClInclude Include="inc\Effect\CEffect_Mon_DarkBall.h">
      <Filter>標頭檔</Filter>
    </ClInclude>
    <ClInclude Include="inc\Effect\CEffect_Mon_DarkSpark.h">
      <Filter>標頭檔</Filter>
    </ClInclude>
    <ClInclude Include="inc\Effect\CEffect_Mon_Die_Ghost.h">
      <Filter>標頭檔</Filter>
    </ClInclude>
    <ClInclude Include="inc\Effect\CEffect_Mon_ElecSpark.h">
      <Filter>標頭檔</Filter>
    </ClInclude>
    <ClInclude Include="inc\Effect\CEffect_Mon_FireSpark.h">
      <Filter>標頭檔</Filter>
    </ClInclude>
    <ClInclude Include="inc\Effect\CEffect_Pet_Base.h">
      <Filter>標頭檔</Filter>
    </ClInclude>
    <ClInclude Include="inc\Pet\cltPetObject.h">
      <Filter>標頭檔</Filter>
    </ClInclude>
    <ClInclude Include="inc\Effect\CEffect_Player_Dead.h">
      <Filter>標頭檔</Filter>
    </ClInclude>
    <ClInclude Include="inc\Effect\CEffect_Player_EnchantLevel.h">
      <Filter>標頭檔</Filter>
    </ClInclude>
    <ClInclude Include="inc\Effect\CEffect_Player_FItem_Effect.h">
      <Filter>標頭檔</Filter>
    </ClInclude>
    <ClInclude Include="inc\Effect\CEffect_Player_Goggles.h">
      <Filter>標頭檔</Filter>
    </ClInclude>
    <ClInclude Include="inc\Effect\CEffect_Player_MapConqueror.h">
      <Filter>標頭檔</Filter>
    </ClInclude>
    <ClInclude Include="inc\Effect\CEffect_Player_PCRoom_Effect.h">
      <Filter>標頭檔</Filter>
    </ClInclude>
    <ClInclude Include="inc\Effect\CEffect_Player_Special_Top_Effect.h">
      <Filter>標頭檔</Filter>
    </ClInclude>
    <ClInclude Include="inc\Effect\CEffect_Player_Special_Bottom_Effect.h">
      <Filter>標頭檔</Filter>
    </ClInclude>
    <ClInclude Include="inc\Effect\CEffect_Player_Tolerance.h">
      <Filter>標頭檔</Filter>
    </ClInclude>
    <ClInclude Include="inc\Effect\CEffect_Player_WeatherPreView.h">
      <Filter>標頭檔</Filter>
    </ClInclude>
    <ClInclude Include="inc\Effect\CEffect_Portal.h">
      <Filter>標頭檔</Filter>
    </ClInclude>
    <ClInclude Include="inc\Effect\CEffect_Skill_Blocking.h">
      <Filter>標頭檔</Filter>
    </ClInclude>
    <ClInclude Include="inc\Effect\CEffect_Skill_Freezing.h">
      <Filter>標頭檔</Filter>
    </ClInclude>
    <ClInclude Include="inc\Effect\CEffect_Skill_Heal.h">
      <Filter>標頭檔</Filter>
    </ClInclude>
    <ClInclude Include="inc\Effect\CEffect_Skill_HealPray.h">
      <Filter>標頭檔</Filter>
    </ClInclude>
    <ClInclude Include="inc\Effect\CEffect_Skill_Hit.h">
      <Filter>標頭檔</Filter>
    </ClInclude>
    <ClInclude Include="inc\Effect\CEffect_Skill_Integrity.h">
      <Filter>標頭檔</Filter>
    </ClInclude>
    <ClInclude Include="inc\Effect\CEffect_Skill_OtherHeal.h">
      <Filter>標頭檔</Filter>
    </ClInclude>
    <ClInclude Include="inc\Effect\CEffect_Skill_Resurrection.h">
      <Filter>標頭檔</Filter>
    </ClInclude>
    <ClInclude Include="inc\Effect\CEffect_Skill_SpeedUP.h">
      <Filter>標頭檔</Filter>
    </ClInclude>
    <ClInclude Include="inc\Effect\CEffect_Skill_Take.h">
      <Filter>標頭檔</Filter>
    </ClInclude>
    <ClInclude Include="inc\Effect\CEffect_Skill_Trap_Explosion.h">
      <Filter>標頭檔</Filter>
    </ClInclude>
    <ClInclude Include="inc\Effect\CEffect_Skill_Type_Directed_Target.h">
      <Filter>標頭檔</Filter>
    </ClInclude>
    <ClInclude Include="inc\Effect\CEffect_WeddingHall.h">
      <Filter>標頭檔</Filter>
    </ClInclude>
    <ClInclude Include="inc\Effect\CEffect_Use_Hit.h">
      <Filter>標頭檔</Filter>
    </ClInclude>
    <ClInclude Include="inc\Effect\CEffect_UI_ButtonSide.h">
      <Filter>標頭檔</Filter>
    </ClInclude>
    <ClInclude Include="inc\Effect\CEffect_UI_HP_MP_Number.h">
      <Filter>標頭檔</Filter>
    </ClInclude>
    <ClInclude Include="inc\Effect\CEffect_UI_SkillSet.h">
      <Filter>標頭檔</Filter>
    </ClInclude>
    <ClInclude Include="inc\Effect\CEffect_UI_WorldMap_Light.h">
      <Filter>標頭檔</Filter>
    </ClInclude>
    <ClInclude Include="inc\Effect\CBulletBase.h">
      <Filter>標頭檔</Filter>
    </ClInclude>
    <ClInclude Include="inc\Effect\CBulletArrow.h">
      <Filter>標頭檔</Filter>
    </ClInclude>
    <ClInclude Include="inc\UI\CListMgr.h">
      <Filter>Header Files</Filter>
    </ClInclude>
    <ClInclude Include="inc\UI\CControlBase.h">
      <Filter>Header Files</Filter>
    </ClInclude>
    <ClInclude Include="inc\UI\CControlAlphaBox.h">
      <Filter>Header Files</Filter>
    </ClInclude>
    <ClInclude Include="inc\UI\CControlImage.h">
      <Filter>Header Files</Filter>
    </ClInclude>
    <ClInclude Include="inc\UI\CControlText.h">
      <Filter>Header Files</Filter>
    </ClInclude>
    <ClInclude Include="inc\UI\CControlButtonBase.h">
      <Filter>Header Files</Filter>
    </ClInclude>
    <ClInclude Include="inc\UI\CMoveIcon.h">
      <Filter>Header Files</Filter>
    </ClInclude>
    <ClInclude Include="inc\Font\FileCrypt.h">
      <Filter>Header Files</Filter>
    </ClInclude>
    <ClInclude Include="inc\Font\FTInfo.h">
      <Filter>Header Files</Filter>
    </ClInclude>
    <ClInclude Include="inc\Font\CMoFFontTextureManager.h">
      <Filter>Header Files</Filter>
    </ClInclude>
    <ClInclude Include="inc\Font\TLILInfo.h">
      <Filter>Header Files</Filter>
    </ClInclude>
    <ClInclude Include="inc\Font\TextLineInfoListMgr.h">
      <Filter>Header Files</Filter>
    </ClInclude>
    <ClInclude Include="inc\Font\TILInfo.h">
      <Filter>Header Files</Filter>
    </ClInclude>
    <ClInclude Include="inc\Font\TextInfoListMgr.h">
      <Filter>Header Files</Filter>
    </ClInclude>
    <ClInclude Include="inc\Font\MoFFont.h">
      <Filter>Header Files</Filter>
    </ClInclude>
    <ClInclude Include="inc\Font\stFontInfo.h">
      <Filter>標頭檔</Filter>
    </ClInclude>
    <ClInclude Include="inc\UI\stToolTipData.h">
      <Filter>標頭檔</Filter>
    </ClInclude>
    <ClInclude Include="inc\Text\Huffman.h">
      <Filter>標頭檔</Filter>
    </ClInclude>
    <ClInclude Include="inc\Text\cltTextFileManager.h">
      <Filter>Header Files</Filter>
    </ClInclude>
    <ClInclude Include="inc\Text\DCTTextManager.h">
      <Filter>Header Files</Filter>
    </ClInclude>
    <ClInclude Include="inc\Test\FontSystemTest.h">
      <Filter>標頭檔</Filter>
    </ClInclude>
    <ClInclude Include="inc\UI\CEditBoxBackgroundImage.h">
      <Filter>Header Files</Filter>
    </ClInclude>
    <ClInclude Include="inc\conf.h">
      <Filter>標頭檔</Filter>
    </ClInclude>
    <ClInclude Include="inc\FileSystem\CMOFPacking.h">
      <Filter>標頭檔</Filter>
    </ClInclude>
    <ClInclude Include="inc\FileSystem\nfs.h">
      <Filter>標頭檔</Filter>
    </ClInclude>
    <ClInclude Include="inc\Test\cm_packing_integration_test.h">
      <Filter>標頭檔</Filter>
    </ClInclude>
    <ClInclude Include="inc\Test\nfs_test.h">
      <Filter>標頭檔</Filter>
    </ClInclude>
    <ClInclude Include="inc\Test\Test.h">
      <Filter>標頭檔</Filter>
    </ClInclude>
    <ClInclude Include="inc\Test\UI_Basic_Test.h">
      <Filter>標頭檔</Filter>
    </ClInclude>
    <ClInclude Include="inc\Text\DCTIMM.h">
      <Filter>標頭檔</Filter>
    </ClInclude>
    <ClInclude Include="inc\Text\DCTIMMList.h">
      <Filter>標頭檔</Filter>
    </ClInclude>
    <ClInclude Include="inc\UI\CControlEditBox.h">
      <Filter>標頭檔</Filter>
    </ClInclude>
    <ClInclude Include="inc\UI\CControlImageTriple.h">
      <Filter>標頭檔</Filter>
    </ClInclude>
    <ClInclude Include="inc\UI\CControlMyItem.h">
      <Filter>標頭檔</Filter>
    </ClInclude>
    <ClInclude Include="inc\UI\CControlBoxBase.h">
      <Filter>標頭檔</Filter>
    </ClInclude>
    <ClInclude Include="inc\UI\CControlCount.h">
      <Filter>標頭檔</Filter>
    </ClInclude>
    <ClInclude Include="inc\UI\CControlCountBar.h">
      <Filter>標頭檔</Filter>
    </ClInclude>
    <ClInclude Include="inc\UI\CControlButton.h">
      <Filter>標頭檔</Filter>
    </ClInclude>
    <ClInclude Include="inc\UI\CControlCountScrollButton.h">
      <Filter>標頭檔</Filter>
    </ClInclude>
    <ClInclude Include="inc\UI\CControlBoxBuyPetFeed.h">
      <Filter>標頭檔</Filter>
    </ClInclude>
    <ClInclude Include="inc\UI\CControlBoxAbility.h">
      <Filter>標頭檔</Filter>
    </ClInclude>
    <ClInclude Include="inc\UI\CControlBoxBuySkill.h">
      <Filter>標頭檔</Filter>
    </ClInclude>
    <ClInclude Include="inc\UI\CControlBoxEquip.h">
      <Filter>標頭檔</Filter>
    </ClInclude>
    <ClInclude Include="inc\UI\CControlNumberBox.h">
      <Filter>標頭檔</Filter>
    </ClInclude>
    <ClInclude Include="inc\UI\CControlNumberImage.h">
      <Filter>標頭檔</Filter>
    </ClInclude>
    <ClInclude Include="inc\UI\CControlPageScroll.h">
      <Filter>標頭檔</Filter>
    </ClInclude>
    <ClInclude Include="inc\UI\CControlBoxInvenItem.h">
      <Filter>標頭檔</Filter>
    </ClInclude>
    <ClInclude Include="inc\UI\CControlBoxCashShopStrgItem.h">
      <Filter>標頭檔</Filter>
    </ClInclude>
    <ClInclude Include="inc\UI\CControlBoxLessonList.h">
      <Filter>標頭檔</Filter>
    </ClInclude>
    <ClInclude Include="inc\UI\CControlBoxLessonSchedule.h">
      <Filter>標頭檔</Filter>
    </ClInclude>
    <ClInclude Include="inc\UI\CControlBoxMaking.h">
      <Filter>標頭檔</Filter>
    </ClInclude>
    <ClInclude Include="inc\UI\CControlBoxQuest.h">
      <Filter>標頭檔</Filter>
    </ClInclude>
    <ClInclude Include="inc\UI\CControlBoxQuestAlarm.h">
      <Filter>標頭檔</Filter>
    </ClInclude>
    <ClInclude Include="inc\UI\CControlBoxShopItem.h">
      <Filter>標頭檔</Filter>
    </ClInclude>
    <ClInclude Include="inc\UI\CControlBoxSkill.h">
      <Filter>標頭檔</Filter>
    </ClInclude>
    <ClInclude Include="inc\UI\CControlBoxSpecialty.h">
      <Filter>標頭檔</Filter>
    </ClInclude>
    <ClInclude Include="inc\UI\CControlChatBallon.h">
      <Filter>標頭檔</Filter>
    </ClInclude>
    <ClInclude Include="inc\UI\CControlCheckButton.h">
      <Filter>標頭檔</Filter>
    </ClInclude>
    <ClInclude Include="inc\UI\CControlMoveText.h">
      <Filter>標頭檔</Filter>
    </ClInclude>
    <ClInclude Include="inc\UI\CControlTab.h">
      <Filter>標頭檔</Filter>
    </ClInclude>
    <ClInclude Include="inc\UI\CControlTabMgr.h">
      <Filter>標頭檔</Filter>
    </ClInclude>
    <ClInclude Include="inc\UI\CControlPosButton.h">
      <Filter>標頭檔</Filter>
    </ClInclude>
  </ItemGroup>
  <ItemGroup>
    <Library Include="lib\fmod64vc.lib" />
  </ItemGroup>
  <ItemGroup>
    <Filter Include="Header Files" />
  </ItemGroup>
  <ItemGroup>
    <Filter Include="Source Files" />
  </ItemGroup>
</Project>