<?xml version="1.0" encoding="utf-8"?>
<Project xmlns="http://schemas.microsoft.com/developer/msbuild/2003" ToolsVersion="4.0">
  <ItemGroup>
    <Filter Include="來源檔案">
      <UniqueIdentifier>{4FC737F1-C7A5-4376-A066-2A32D752A2FF}</UniqueIdentifier>
      <Extensions>cpp;c;cc;cxx;c++;cppm;ixx;def;odl;idl;hpj;bat;asm;asmx</Extensions>
    </Filter>
    <Filter Include="標頭檔">
      <UniqueIdentifier>{93995380-89BD-4b04-88EB-625FBE52EBFB}</UniqueIdentifier>
      <Extensions>h;hh;hpp;hxx;h++;hm;inl;inc;ipp;xsd</Extensions>
    </Filter>
    <Filter Include="資源檔">
      <UniqueIdentifier>{67DA6AB6-F800-4c08-8B7A-83BB121AAD01}</UniqueIdentifier>
      <Extensions>rc;ico;cur;bmp;dlg;rc2;rct;bin;rgs;gif;jpg;jpeg;jpe;resx;tiff;tif;png;wav;mfcribbon-ms</Extensions>
    </Filter>
    <Filter Include="來源檔案\Sound">
      <UniqueIdentifier>{518d8522-100d-4d76-819a-cdc51fadda59}</UniqueIdentifier>
    </Filter>
    <Filter Include="標頭檔\Sound">
      <UniqueIdentifier>{67ab20e8-aa8c-49b8-9578-1145e0dc83c0}</UniqueIdentifier>
    </Filter>
    <Filter Include="標頭檔\fmod">
      <UniqueIdentifier>{012e5b89-20ab-41e0-b3d3-5a78ac89a086}</UniqueIdentifier>
    </Filter>
    <Filter Include="來源檔案\MiniGame">
      <UniqueIdentifier>{8c3e97ab-16a8-4c7e-9c0b-7a1d44b8b5a7}</UniqueIdentifier>
    </Filter>
    <Filter Include="標頭檔\MiniGame">
      <UniqueIdentifier>{3b1bdcb5-3a58-4f4e-b4a5-8c93d3c7a2fa}</UniqueIdentifier>
    </Filter>
  </ItemGroup>
  <ItemGroup>
    <ClCompile Include="main.cpp">
      <Filter>來源檔案</Filter>
    </ClCompile>
    <ClCompile Include="src\Sound\COgg.cpp">
      <Filter>來源檔案\Sound</Filter>
    </ClCompile>
    <ClCompile Include="src\Image\Comp.cpp">
      <Filter>來源檔案</Filter>
    </ClCompile>
    <ClCompile Include="src\Image\GIVertex.cpp">
      <Filter>來源檔案</Filter>
    </ClCompile>
    <ClCompile Include="src\Image\CDeviceManager.cpp">
      <Filter>來源檔案</Filter>
    </ClCompile>
    <ClCompile Include="src\Image\ImageResource.cpp">
      <Filter>來源檔案</Filter>
    </ClCompile>
    <ClCompile Include="src\Image\ImageResourceListDataMgr.cpp">
      <Filter>來源檔案</Filter>
    </ClCompile>
    <ClCompile Include="src\Image\CDeviceResetManager.cpp">
      <Filter>來源檔案</Filter>
    </ClCompile>
    <ClCompile Include="src\Image\cltBaseResource.cpp">
      <Filter>來源檔案</Filter>
    </ClCompile>
    <ClCompile Include="src\Image\cltGIResource.cpp">
      <Filter>來源檔案</Filter>
    </ClCompile>
    <ClCompile Include="src\Image\Image.cpp">
      <Filter>來源檔案</Filter>
    </ClCompile>
    <ClCompile Include="src\Image\BackGroundImage.cpp">
      <Filter>來源檔案</Filter>
    </ClCompile>
    <ClCompile Include="src\Image\cltImageManager.cpp">
      <Filter>來源檔案</Filter>
    </ClCompile>
    <ClCompile Include="src\Image\GameImage.cpp">
      <Filter>來源檔案</Filter>
    </ClCompile>
    <ClCompile Include="src\Image\LoadingThread.cpp">
      <Filter>來源檔案</Filter>
    </ClCompile>
    <ClCompile Include="src\Image\ResourceMgr.cpp">
      <Filter>來源檔案</Filter>
    </ClCompile>
    <ClCompile Include="src\Test\CompTest.cpp">
      <Filter>來源檔案</Filter>
    </ClCompile>
    <ClCompile Include="src\Test\ImageTest.cpp">
      <Filter>來源檔案</Filter>
    </ClCompile>
    <ClCompile Include="src\Image\VertexBufferDataMgr.cpp">
      <Filter>來源檔案</Filter>
    </ClCompile>
    <ClCompile Include="src\Image\TextureListDataMgr.cpp">
      <Filter>來源檔案</Filter>
    </ClCompile>
    <ClCompile Include="src\Test\ImageDrawTest.cpp">
      <Filter>來源檔案</Filter>
    </ClCompile>
    <ClCompile Include="src\Effect\CEffectBase.cpp">
      <Filter>來源檔案</Filter>
    </ClCompile>
    <ClCompile Include="src\Effect\CCAEffect.cpp">
      <Filter>來源檔案</Filter>
    </ClCompile>
    <ClCompile Include="src\global.cpp">
      <Filter>來源檔案</Filter>
    </ClCompile>
    <ClCompile Include="src\Effect\CEffectManager.cpp">
      <Filter>來源檔案</Filter>
    </ClCompile>
    <ClCompile Include="src\Effect\CEAManager.cpp">
      <Filter>來源檔案</Filter>
    </ClCompile>
    <ClCompile Include="src\Effect\CEffect_Skill_Type_Once.cpp">
      <Filter>來源檔案</Filter>
    </ClCompile>
    <ClCompile Include="src\Effect\CEffect_Skill_Type_Directed.cpp">
      <Filter>來源檔案</Filter>
    </ClCompile>
    <ClCompile Include="src\Effect\CEffect_Skill_Type_Sustain.cpp">
      <Filter>來源檔案</Filter>
    </ClCompile>
    <ClCompile Include="src\Effect\CEffect_Skill_Type_ShootUnit.cpp">
      <Filter>來源檔案</Filter>
    </ClCompile>
    <ClCompile Include="src\Effect\CEffect_Battle_GunShoot.cpp">
      <Filter>來源檔案</Filter>
    </ClCompile>
    <ClCompile Include="src\Effect\CEffect_Battle_GunSpark.cpp">
      <Filter>來源檔案</Filter>
    </ClCompile>
    <ClCompile Include="src\Effect\CEffect_Field_Walkdust.cpp">
      <Filter>來源檔案</Filter>
    </ClCompile>
    <ClCompile Include="src\Effect\CEffect_Item_Type_Once.cpp">
      <Filter>來源檔案</Filter>
    </ClCompile>
    <ClCompile Include="src\Effect\CEffectUseHitMulti.cpp">
      <Filter>來源檔案</Filter>
    </ClCompile>
    <ClCompile Include="src\Effect\CEffect_Battle_BowShoot.cpp">
      <Filter>來源檔案</Filter>
    </ClCompile>
    <ClCompile Include="src\Effect\CEffect_Battle_Hit_Normal.cpp">
      <Filter>來源檔案</Filter>
    </ClCompile>
    <ClCompile Include="src\Effect\CEffect_Battle_HorizonCut.cpp">
      <Filter>來源檔案</Filter>
    </ClCompile>
    <ClCompile Include="src\Effect\CEffect_Battle_MagicBook.cpp">
      <Filter>來源檔案</Filter>
    </ClCompile>
    <ClCompile Include="src\Effect\CEffect_Battle_DownCut.cpp">
      <Filter>來源檔案</Filter>
    </ClCompile>
    <ClCompile Include="src\Effect\CEffect_Battle_Pierce.cpp">
      <Filter>來源檔案</Filter>
    </ClCompile>
    <ClCompile Include="src\Effect\CEffect_Battle_StaffShoot.cpp">
      <Filter>來源檔案</Filter>
    </ClCompile>
    <ClCompile Include="src\Effect\CEffect_Battle_TwoHandCut.cpp">
      <Filter>來源檔案</Filter>
    </ClCompile>
    <ClCompile Include="src\Effect\CEffect_Battle_UpperCut.cpp">
      <Filter>來源檔案</Filter>
    </ClCompile>
    <ClCompile Include="src\Effect\CEffect_Field_AttackMiss.cpp">
      <Filter>來源檔案</Filter>
    </ClCompile>
    <ClCompile Include="src\Effect\CEffect_Field_CriticalNumber.cpp">
      <Filter>來源檔案</Filter>
    </ClCompile>
    <ClCompile Include="src\Effect\CEffect_Field_DamageNumber.cpp">
      <Filter>來源檔案</Filter>
    </ClCompile>
    <ClCompile Include="src\Effect\CEffect_Field_ExpNumber.cpp">
      <Filter>來源檔案</Filter>
    </ClCompile>
    <ClCompile Include="src\Effect\CEffect_Field_HealNumber.cpp">
      <Filter>來源檔案</Filter>
    </ClCompile>
    <ClCompile Include="src\Effect\CEffect_Field_Pet_ItemPick.cpp">
      <Filter>來源檔案</Filter>
    </ClCompile>
    <ClCompile Include="src\Effect\CEffect_Field_Pet_ItemPick_Sub.cpp">
      <Filter>來源檔案</Filter>
    </ClCompile>
    <ClCompile Include="src\Effect\CEffect_Field_Miss.cpp">
      <Filter>來源檔案</Filter>
    </ClCompile>
    <ClCompile Include="src\Effect\CEffect_Field_ItemPick.cpp">
      <Filter>來源檔案</Filter>
    </ClCompile>
    <ClCompile Include="src\Effect\CEffect_Field_ItemPick_Sub.cpp">
      <Filter>來源檔案</Filter>
    </ClCompile>
    <ClCompile Include="src\Character\CCA.cpp">
      <Filter>來源檔案</Filter>
    </ClCompile>
    <ClCompile Include="src\Character\ClientCharacter.cpp">
      <Filter>來源檔案</Filter>
    </ClCompile>
    <ClCompile Include="src\Effect\CEffect_OverMind_Screen.cpp">
      <Filter>來源檔案</Filter>
    </ClCompile>
    <ClCompile Include="src\Character\ClientCharacterManager.cpp">
      <Filter>來源檔案</Filter>
    </ClCompile>
    <ClCompile Include="src\Test\EffectSystemTest.cpp">
      <Filter>來源檔案</Filter>
    </ClCompile>
    <ClCompile Include="src\Effect\CEffect_Field_Recall_Potal.cpp">
      <Filter>來源檔案</Filter>
    </ClCompile>
    <ClCompile Include="src\Effect\CEffect_Field_Warp.cpp">
      <Filter>來源檔案</Filter>
    </ClCompile>
    <ClCompile Include="src\Effect\CEffect_Hit_Critical.cpp">
      <Filter>來源檔案</Filter>
    </ClCompile>
    <ClCompile Include="src\Effect\CEffect_Item_Use_HPPotion.cpp">
      <Filter>來源檔案</Filter>
    </ClCompile>
    <ClCompile Include="src\Effect\CEffect_MapEffect.cpp">
      <Filter>來源檔案</Filter>
    </ClCompile>
    <ClCompile Include="src\Effect\CEffect_MiniGame_Archer_String.cpp">
      <Filter>來源檔案</Filter>
    </ClCompile>
    <ClCompile Include="src\Effect\CEffect_MiniGame_Class_Sword.cpp">
      <Filter>來源檔案</Filter>
    </ClCompile>
    <ClCompile Include="src\Effect\CEffect_MiniGame_Fighter_Break.cpp">
      <Filter>來源檔案</Filter>
    </ClCompile>
    <ClCompile Include="src\Effect\CEffect_MiniGame_Fighter_String.cpp">
      <Filter>來源檔案</Filter>
    </ClCompile>
    <ClCompile Include="src\Effect\CEffect_MiniGame_MagicStick_Left.cpp">
      <Filter>來源檔案</Filter>
    </ClCompile>
    <ClCompile Include="src\Effect\CEffect_MiniGame_MagicStick_Right.cpp">
      <Filter>來源檔案</Filter>
    </ClCompile>
    <ClCompile Include="src\Effect\CEffect_MiniGame_Priest_Heal.cpp">
      <Filter>來源檔案</Filter>
    </ClCompile>
    <ClCompile Include="src\Effect\CEffect_MiniGame_Priest_Light.cpp">
      <Filter>來源檔案</Filter>
    </ClCompile>
    <ClCompile Include="src\Effect\CEffect_MiniGame_Wizard_String.cpp">
      <Filter>來源檔案</Filter>
    </ClCompile>
    <ClCompile Include="src\Effect\CEffect_Mon_DarkBall.cpp">
      <Filter>來源檔案</Filter>
    </ClCompile>
    <ClCompile Include="src\Effect\CEffect_Mon_DarkSpark.cpp">
      <Filter>來源檔案</Filter>
    </ClCompile>
    <ClCompile Include="src\Effect\CEffect_Mon_Die_Ghost.cpp">
      <Filter>來源檔案</Filter>
    </ClCompile>
    <ClCompile Include="src\Effect\CEffect_Mon_ElecSpark.cpp">
      <Filter>來源檔案</Filter>
    </ClCompile>
    <ClCompile Include="src\Effect\CEffect_Mon_FireSpark.cpp">
      <Filter>來源檔案</Filter>
    </ClCompile>
    <ClCompile Include="src\Effect\CEffect_Pet_Base.cpp">
      <Filter>來源檔案</Filter>
    </ClCompile>
    <ClCompile Include="src\Effect\CEffect_Player_Dead.cpp">
      <Filter>來源檔案</Filter>
    </ClCompile>
    <ClCompile Include="src\Effect\CEffect_Player_EnchantLevel.cpp">
      <Filter>來源檔案</Filter>
    </ClCompile>
    <ClCompile Include="src\Effect\CEffect_Player_FItem_Effect.cpp">
      <Filter>來源檔案</Filter>
    </ClCompile>
    <ClCompile Include="src\Effect\CEffect_Player_Goggles.cpp">
      <Filter>來源檔案</Filter>
    </ClCompile>
    <ClCompile Include="src\Effect\CEffect_Player_MapConqueror.cpp">
      <Filter>來源檔案</Filter>
    </ClCompile>
    <ClCompile Include="src\Effect\CEffect_Player_PCRoom_Effect.cpp">
      <Filter>來源檔案</Filter>
    </ClCompile>
    <ClCompile Include="src\Effect\CEffect_Player_Special_Top_Effect.cpp">
      <Filter>來源檔案</Filter>
    </ClCompile>
    <ClCompile Include="src\Effect\CEffect_Player_Special_Bottom_Effect.cpp">
      <Filter>來源檔案</Filter>
    </ClCompile>
    <ClCompile Include="src\Effect\CEffect_Player_Tolerance.cpp">
      <Filter>來源檔案</Filter>
    </ClCompile>
    <ClCompile Include="src\Effect\CEffect_Player_WeatherPreView.cpp">
      <Filter>來源檔案</Filter>
    </ClCompile>
    <ClCompile Include="src\Effect\CEffect_Portal.cpp">
      <Filter>來源檔案</Filter>
    </ClCompile>
    <ClCompile Include="src\Effect\CEffect_Skill_Blocking.cpp">
      <Filter>來源檔案</Filter>
    </ClCompile>
    <ClCompile Include="src\Effect\CEffect_Skill_Freezing.cpp">
      <Filter>來源檔案</Filter>
    </ClCompile>
    <ClCompile Include="src\Effect\CEffect_Skill_Heal.cpp">
      <Filter>來源檔案</Filter>
    </ClCompile>
    <ClCompile Include="src\Effect\CEffect_Skill_HealPray.cpp">
      <Filter>來源檔案</Filter>
    </ClCompile>
    <ClCompile Include="src\Effect\CEffect_Skill_Hit.cpp">
      <Filter>來源檔案</Filter>
    </ClCompile>
    <ClCompile Include="src\Effect\CEffect_Skill_Integrity.cpp">
      <Filter>來源檔案</Filter>
    </ClCompile>
    <ClCompile Include="src\Effect\CEffect_Skill_OtherHeal.cpp">
      <Filter>來源檔案</Filter>
    </ClCompile>
    <ClCompile Include="src\Effect\CEffect_Skill_Resurrection.cpp">
      <Filter>來源檔案</Filter>
    </ClCompile>
    <ClCompile Include="src\Effect\CEffect_Skill_SpeedUP.cpp">
      <Filter>來源檔案</Filter>
    </ClCompile>
    <ClCompile Include="src\Effect\CEffect_Skill_Take.cpp">
      <Filter>來源檔案</Filter>
    </ClCompile>
    <ClCompile Include="src\Effect\CEffect_Skill_Trap_Explosion.cpp">
      <Filter>來源檔案</Filter>
    </ClCompile>
    <ClCompile Include="src\Effect\CEffect_Skill_Type_Directed_Target.cpp">
      <Filter>來源檔案</Filter>
    </ClCompile>
    <ClCompile Include="src\Effect\CEffect_WeddingHall.cpp">
      <Filter>來源檔案</Filter>
    </ClCompile>
    <ClCompile Include="src\Effect\CEffect_Use_Hit.cpp">
      <Filter>來源檔案</Filter>
    </ClCompile>
    <ClCompile Include="src\Effect\CEffect_UI_ButtonSide.cpp">
      <Filter>來源檔案</Filter>
    </ClCompile>
    <ClCompile Include="src\Effect\CEffect_UI_HP_MP_Number.cpp">
      <Filter>來源檔案</Filter>
    </ClCompile>
    <ClCompile Include="src\Effect\CEffect_UI_SkillSet.cpp">
      <Filter>來源檔案</Filter>
    </ClCompile>
    <ClCompile Include="src\Effect\CEffect_UI_WorldMap_Light.cpp">
      <Filter>來源檔案</Filter>
    </ClCompile>
    <ClCompile Include="src\Effect\CBulletBase.cpp">
      <Filter>來源檔案</Filter>
    </ClCompile>
    <ClCompile Include="src\Effect\CBulletArrow.cpp">
      <Filter>來源檔案</Filter>
    </ClCompile>
    <ClCompile Include="src\UI\CListMgr.cpp">
      <Filter>Source Files</Filter>
    </ClCompile>
    <ClCompile Include="src\UI\CControlBase.cpp">
      <Filter>Source Files</Filter>
    </ClCompile>
    <ClCompile Include="src\UI\CControlAlphaBox.cpp">
      <Filter>Source Files</Filter>
    </ClCompile>
    <ClCompile Include="src\UI\CControlImage.cpp">
      <Filter>Source Files</Filter>
    </ClCompile>
    <ClCompile Include="src\UI\CControlText.cpp">
      <Filter>Source Files</Filter>
    </ClCompile>
    <ClCompile Include="src\UI\CControlButtonBase.cpp">
      <Filter>Source Files</Filter>
    </ClCompile>
    <ClCompile Include="src\UI\CMoveIcon.cpp">
      <Filter>Source Files</Filter>
    </ClCompile>
    <ClCompile Include="src\Font\FileCrypt.cpp">
      <Filter>Source Files</Filter>
    </ClCompile>
    <ClCompile Include="src\Font\FTInfo.cpp">
      <Filter>Source Files</Filter>
    </ClCompile>
    <ClCompile Include="src\Font\CMoFFontTextureManager.cpp">
      <Filter>Source Files</Filter>
    </ClCompile>
    <ClCompile Include="src\Font\TextLineInfoListMgr.cpp">
      <Filter>Source Files</Filter>
    </ClCompile>
    <ClCompile Include="src\Font\TILInfo.cpp">
      <Filter>Source Files</Filter>
    </ClCompile>
    <ClCompile Include="src\Font\TextInfoListMgr.cpp">
      <Filter>Source Files</Filter>
    </ClCompile>
    <ClCompile Include="src\Font\MoFFont.cpp">
      <Filter>Source Files</Filter>
    </ClCompile>
    <ClCompile Include="src\UI\stToolTipData.cpp">
      <Filter>來源檔案</Filter>
    </ClCompile>
    <ClCompile Include="src\Text\Huffman.cpp">
      <Filter>來源檔案</Filter>
    </ClCompile>
    <ClCompile Include="src\Text\cltTextFileManager.cpp">
      <Filter>Source Files</Filter>
    </ClCompile>
    <ClCompile Include="src\Text\DCTTextManager.cpp">
      <Filter>Source Files</Filter>
    </ClCompile>
    <ClCompile Include="src\Test\FontSystemTest.cpp">
      <Filter>來源檔案</Filter>
    </ClCompile>
    <ClCompile Include="src\UI\CEditBoxBackgroundImage.cpp">
      <Filter>Source Files</Filter>
    </ClCompile>
    <ClCompile Include="src\FileSystem\CMOFPacking.cpp">
      <Filter>來源檔案</Filter>
    </ClCompile>
    <ClCompile Include="src\FileSystem\nfs.cpp">
      <Filter>來源檔案</Filter>
    </ClCompile>
    <ClCompile Include="src\Test\cm_packing_integration_test.cpp">
      <Filter>來源檔案</Filter>
    </ClCompile>
    <ClCompile Include="src\Test\nfs_test.cpp">
      <Filter>來源檔案</Filter>
    </ClCompile>
    <ClCompile Include="src\Test\Test.cpp">
      <Filter>來源檔案</Filter>
    </ClCompile>
    <ClCompile Include="src\Test\UI_Basic_Test.cpp">
      <Filter>來源檔案</Filter>
    </ClCompile>
    <ClCompile Include="src\Test\SoundTest.cpp">
      <Filter>來源檔案</Filter>
    </ClCompile>
    <ClCompile Include="src\Text\DCTIMM.cpp">
      <Filter>來源檔案</Filter>
    </ClCompile>
    <ClCompile Include="src\Text\DCTIMMList.cpp">
      <Filter>來源檔案</Filter>
    </ClCompile>
    <ClCompile Include="src\UI\CControlEditBox.cpp">
      <Filter>來源檔案</Filter>
    </ClCompile>
    <ClCompile Include="src\UI\CControlImageTriple.cpp">
      <Filter>來源檔案</Filter>
    </ClCompile>
    <ClCompile Include="src\UI\CControlMyItem.cpp">
      <Filter>來源檔案</Filter>
    </ClCompile>
    <ClCompile Include="src\UI\CControlBoxBase.cpp">
      <Filter>來源檔案</Filter>
    </ClCompile>
    <ClCompile Include="src\UI\CControlCount.cpp">
      <Filter>來源檔案</Filter>
    </ClCompile>
    <ClCompile Include="src\UI\CControlButton.cpp">
      <Filter>來源檔案</Filter>
    </ClCompile>
    <ClCompile Include="src\UI\CControlCountBar.cpp">
      <Filter>來源檔案</Filter>
    </ClCompile>
    <ClCompile Include="src\UI\CControlCountScrollButton.cpp">
      <Filter>來源檔案</Filter>
    </ClCompile>
    <ClCompile Include="src\UI\CControlBoxBuyPetFeed.cpp">
      <Filter>來源檔案</Filter>
    </ClCompile>
    <ClCompile Include="src\UI\CControlBoxAbility.cpp">
      <Filter>來源檔案</Filter>
    </ClCompile>
    <ClCompile Include="src\UI\CControlBoxBuySkill.cpp">
      <Filter>來源檔案</Filter>
    </ClCompile>
    <ClCompile Include="src\UI\CControlBoxEquip.cpp">
      <Filter>來源檔案</Filter>
    </ClCompile>
    <ClCompile Include="src\UI\CControlNumberBox.cpp">
      <Filter>來源檔案</Filter>
    </ClCompile>
    <ClCompile Include="src\UI\CControlNumberImage.cpp">
      <Filter>來源檔案</Filter>
    </ClCompile>
    <ClCompile Include="src\UI\CControlPageScroll.cpp">
      <Filter>來源檔案</Filter>
    </ClCompile>
    <ClCompile Include="src\UI\CControlBoxInvenItem.cpp">
      <Filter>來源檔案</Filter>
    </ClCompile>
    <ClCompile Include="src\UI\CControlBoxCashShopStrgItem.cpp">
      <Filter>來源檔案</Filter>
    </ClCompile>
    <ClCompile Include="src\UI\CControlBoxLessonList.cpp">
      <Filter>來源檔案</Filter>
    </ClCompile>
    <ClCompile Include="src\UI\CControlBoxLessonSchedule.cpp">
      <Filter>來源檔案</Filter>
    </ClCompile>
    <ClCompile Include="src\UI\CControlBoxMaking.cpp">
      <Filter>來源檔案</Filter>
    </ClCompile>
    <ClCompile Include="src\UI\CControlBoxQuest.cpp">
      <Filter>來源檔案</Filter>
    </ClCompile>
    <ClCompile Include="src\UI\CControlBoxQuestAlarm.cpp">
      <Filter>來源檔案</Filter>
    </ClCompile>
    <ClCompile Include="src\UI\CControlBoxShopItem.cpp">
      <Filter>來源檔案</Filter>
    </ClCompile>
    <ClCompile Include="src\UI\CControlBoxSkill.cpp">
      <Filter>來源檔案</Filter>
    </ClCompile>
    <ClCompile Include="src\UI\CControlBoxSpecialty.cpp">
      <Filter>來源檔案</Filter>
    </ClCompile>
    <ClCompile Include="src\UI\CControlChatBallon.cpp">
      <Filter>來源檔案</Filter>
    </ClCompile>
    <ClCompile Include="src\UI\CControlCheckButton.cpp">
      <Filter>來源檔案</Filter>
    </ClCompile>
    <ClCompile Include="src\UI\CControlMoveText.cpp">
      <Filter>來源檔案</Filter>
    </ClCompile>
    <ClCompile Include="src\UI\CControlTab.cpp">
      <Filter>來源檔案</Filter>
    </ClCompile>
    <ClCompile Include="src\UI\CControlTabMgr.cpp">
      <Filter>來源檔案</Filter>
    </ClCompile>
    <ClCompile Include="src\UI\CControlPosButton.cpp">
      <Filter>來源檔案</Filter>
    </ClCompile>
    <ClCompile Include="src\Info\cltDebuffKindInfo.cpp">
      <Filter>來源檔案</Filter>
    </ClCompile>
    <ClCompile Include="src\Info\cltClassKindInfo.cpp">
      <Filter>來源檔案</Filter>
    </ClCompile>
    <ClCompile Include="src\Info\cltLessonKindInfo.cpp">
      <Filter>來源檔案</Filter>
    </ClCompile>
    <ClCompile Include="src\Info\cltMonsterToleranceKindInfo.cpp">
      <Filter>來源檔案</Filter>
    </ClCompile>
    <ClCompile Include="src\Info\cltBasicAppearKindInfo.cpp">
      <Filter>來源檔案</Filter>
    </ClCompile>
    <ClCompile Include="src\System\cltBasicAppearSystem.cpp">
      <Filter>來源檔案</Filter>
    </ClCompile>
    <ClCompile Include="src\Info\cltInstantDungeonKindInfo.cpp">
      <Filter>來源檔案</Filter>
    </ClCompile>
    <ClCompile Include="src\Info\cltInstantDungeonMapKindInfo.cpp">
      <Filter>來源檔案</Filter>
    </ClCompile>
    <ClCompile Include="src\Info\cltMapInfo.cpp">
      <Filter>來源檔案</Filter>
    </ClCompile>
    <ClCompile Include="src\Info\cltRegenMonsterKindInfo.cpp">
      <Filter>來源檔案</Filter>
    </ClCompile>
    <ClCompile Include="src\Info\cltCharKindInfo.cpp">
      <Filter>來源檔案</Filter>
    </ClCompile>
    <ClCompile Include="src\Info\cltMyItemKindInfo.cpp">
      <Filter>來源檔案</Filter>
    </ClCompile>
    <ClCompile Include="src\Info\cltEmblemKindInfo.cpp">
      <Filter>來源檔案</Filter>
    </ClCompile>
    <ClCompile Include="src\Info\cltQuestKindInfo.cpp">
      <Filter>來源檔案</Filter>
    </ClCompile>
    <ClCompile Include="src\Info\cltMineKindInfo.cpp">
      <Filter>來源檔案</Filter>
    </ClCompile>
    <ClCompile Include="src\Info\cltPKRankKindInfo.cpp">
      <Filter>來源檔案</Filter>
    </ClCompile>
    <ClCompile Include="src\Info\cltQuestionKindInfo.cpp">
      <Filter>來源檔案</Filter>
    </ClCompile>
    <ClCompile Include="src\Info\cltNPCInfo.cpp">
      <Filter>來源檔案</Filter>
    </ClCompile>
    <ClCompile Include="src\System\cltMoneySystem.cpp">
      <Filter>來源檔案</Filter>
    </ClCompile>
    <ClCompile Include="src\Info\cltWeddingHallKindInfo.cpp">
      <Filter>來源檔案</Filter>
    </ClCompile>
    <ClCompile Include="src\Info\cltExtraRegenMonsterKindInfo.cpp">
      <Filter>來源檔案</Filter>
    </ClCompile>
    <ClCompile Include="src\Info\cltEmoticonKindInfo.cpp">
      <Filter>來源檔案</Filter>
    </ClCompile>
    <ClCompile Include="src\Info\cltCoupleRingKindInfo.cpp">
      <Filter>來源檔案</Filter>
    </ClCompile>
    <ClCompile Include="src\Info\cltFrontServerInfo.cpp">
      <Filter>來源檔案</Filter>
    </ClCompile>
    <ClCompile Include="src\Info\cltMapAreaKindInfo.cpp">
      <Filter>來源檔案</Filter>
    </ClCompile>
    <ClCompile Include="src\Info\cltPetKindInfo.cpp">
      <Filter>來源檔案</Filter>
    </ClCompile>
    <ClCompile Include="src\Info\cltPetSkillKindInfo.cpp">
      <Filter>來源檔案</Filter>
    </ClCompile>
    <ClCompile Include="src\Info\cltClimateKindInfo.cpp">
      <Filter>來源檔案</Filter>
    </ClCompile>
    <ClCompile Include="src\Info\cltTitleKindInfo.cpp">
      <Filter>來源檔案</Filter>
    </ClCompile>
    <ClCompile Include="src\Info\cltSkillKindInfo.cpp">
      <Filter>來源檔案</Filter>
    </ClCompile>
    <ClCompile Include="src\Other\cltAttackAtb.cpp">
      <Filter>來源檔案</Filter>
    </ClCompile>
    <ClCompile Include="src\Info\cltMoFC_EffectKindInfo.cpp">
      <Filter>來源檔案</Filter>
    </ClCompile>
    <ClCompile Include="src\Info\cltTransformKindInfo.cpp">
      <Filter>來源檔案</Filter>
    </ClCompile>
    <ClCompile Include="src\Info\cltEnchantKindInfo.cpp">
      <Filter>來源檔案</Filter>
    </ClCompile>
    <ClCompile Include="src\Info\cltMakingItemKindInfo.cpp">
      <Filter>來源檔案</Filter>
    </ClCompile>
    <ClCompile Include="src\Info\cltMapUseItemInfoKindInfo.cpp">
      <Filter>來源檔案</Filter>
    </ClCompile>
    <ClCompile Include="src\Info\cltMonsterAniInfo.cpp">
      <Filter>來源檔案</Filter>
    </ClCompile>
    <ClCompile Include="src\Info\cltPetAniInfo.cpp">
      <Filter>來源檔案</Filter>
    </ClCompile>
    <ClCompile Include="src\Info\cltMoF_NameTagInfo.cpp">
      <Filter>來源檔案</Filter>
    </ClCompile>
    <ClCompile Include="src\Info\cltMoF_ChatBallonInfo.cpp">
      <Filter>來源檔案</Filter>
    </ClCompile>
    <ClCompile Include="src\Info\cltResurrectInfo.cpp">
      <Filter>來源檔案</Filter>
    </ClCompile>
    <ClCompile Include="src\Info\cltPortalInfo.cpp">
      <Filter>來源檔案</Filter>
    </ClCompile>
    <ClCompile Include="src\Info\cltSpecialtyKindInfo.cpp">
      <Filter>來源檔案</Filter>
    </ClCompile>
    <ClCompile Include="src\Info\cltPandoraKindInfo.cpp">
      <Filter>來源檔案</Filter>
    </ClCompile>
    <ClCompile Include="src\Info\cltItemKindInfo.cpp">
      <Filter>來源檔案</Filter>
    </ClCompile>
    <ClCompile Include="src\Info\cltWorldMapColorInfo.cpp">
      <Filter>來源檔案</Filter>
    </ClCompile>
    <ClCompile Include="src\Other\cltBaseAbility.cpp">
      <Filter>來源檔案</Filter>
    </ClCompile>
    <ClCompile Include="src\Other\CAttendanceBookParser.cpp">
      <Filter>來源檔案</Filter>
    </ClCompile>
    <ClCompile Include="src\System\cltSexSystem.cpp">
      <Filter>來源檔案</Filter>
    </ClCompile>
    <ClCompile Include="src\Util\cltTimer.cpp">
      <Filter>來源檔案</Filter>
    </ClCompile>
    <ClCompile Include="src\System\cltLevelSystem.cpp">
      <Filter>來源檔案</Filter>
    </ClCompile>
    <ClCompile Include="src\Sound\CSoundSystem.cpp">
      <Filter>來源檔案</Filter>
    </ClCompile>
    <ClCompile Include="src\Sound\CWaveFile.cpp">
      <Filter>來源檔案</Filter>
    </ClCompile>
    <ClCompile Include="src\Sound\GameSound.cpp">
      <Filter>來源檔案</Filter>
    </ClCompile>
    <ClCompile Include="src\System\cltClassSystem.cpp">
      <Filter>來源檔案</Filter>
    </ClCompile>
    <ClCompile Include="src\Logic\cltBaseInventory.cpp">
      <Filter>來源檔案</Filter>
    </ClCompile>
    <ClCompile Include="src\Logic\cltItemList.cpp">
      <Filter>來源檔案</Filter>
    </ClCompile>
    <ClCompile Include="src\System\cltEquipmentSystem.cpp">
      <Filter>來源檔案</Filter>
    </ClCompile>
    <ClCompile Include="src\Logic\cltFieldItem.cpp">
      <Filter>來源檔案</Filter>
    </ClCompile>
    <ClCompile Include="src\System\cltQuickSlotSystem.cpp">
      <Filter>來源檔案</Filter>
    </ClCompile>
    <ClCompile Include="src\System\cltUsingItemSystem.cpp">
      <Filter>來源檔案</Filter>
    </ClCompile>
    <ClCompile Include="src\Logic\cltLogicCompatibility.cpp">
      <Filter>來源檔案</Filter>
    </ClCompile>
    <ClCompile Include="src\Logic\CShortKey.cpp">
      <Filter>來源檔案</Filter>
    </ClCompile>
    <ClCompile Include="src\Logic\cltChattingMgr.cpp">
      <Filter>來源檔案</Filter>
    </ClCompile>
    <ClCompile Include="src\Logic\cltSystemMessage.cpp">
      <Filter>來源檔案</Filter>
    </ClCompile>
    <ClCompile Include="src\Logic\cltMyCharData.cpp">
      <Filter>來源檔案</Filter>
    </ClCompile>
    <ClCompile Include="src\Network\CMofMsg.cpp">
      <Filter>來源檔案</Filter>
    </ClCompile>
    <ClCompile Include="src\Network\CMoFNetwork.cpp">
      <Filter>來源檔案</Filter>
    </ClCompile>
    <ClCompile Include="src\Network\DCTNetwork.cpp">
      <Filter>來源檔案</Filter>
    </ClCompile>
    <ClCompile Include="src\System\cltLessonSystem.cpp">
      <Filter>來源檔案</Filter>
    </ClCompile>
    <ClCompile Include="src\System\cltSkillSystem.cpp">
      <Filter>來源檔案</Filter>
    </ClCompile>
    <ClCompile Include="src\System\cltUsingSkillSystem.cpp">
      <Filter>來源檔案</Filter>
    </ClCompile>
    <ClCompile Include="src\System\cltWorkingPassiveSkillSystem.cpp">
      <Filter>來源檔案</Filter>
    </ClCompile>
    <ClCompile Include="src\System\cltHelpSystem.cpp">
      <Filter>來源檔案</Filter>
    </ClCompile>
    <ClCompile Include="src\System\cltPlayerAbility.cpp">
      <Filter>來源檔案</Filter>
    </ClCompile>
    <ClCompile Include="src\System\cltEmblemSystem.cpp">
      <Filter>來源檔案</Filter>
    </ClCompile>
    <ClCompile Include="src\System\cltPartySystem.cpp">
      <Filter>來源檔案</Filter>
    </ClCompile>
    <ClCompile Include="src\System\cltQuestSystem.cpp">
      <Filter>來源檔案</Filter>
    </ClCompile>
    <ClCompile Include="src\System\cltRestBonusSystem.cpp">
      <Filter>來源檔案</Filter>
    </ClCompile>
    <ClCompile Include="src\System\cltMonsterToleranceSystem.cpp">
      <Filter>來源檔案</Filter>
    </ClCompile>
    <ClCompile Include="src\System\cltPetSystem.cpp">
      <Filter>來源檔案</Filter>
    </ClCompile>
    <ClCompile Include="src\System\cltTitleSystem.cpp">
      <Filter>來源檔案</Filter>
    </ClCompile>
    <ClCompile Include="src\System\cltPetInventorySystem.cpp">
      <Filter>來源檔案</Filter>
    </ClCompile>
    <ClCompile Include="src\System\cltPetSkillSystem.cpp">
      <Filter>來源檔案</Filter>
    </ClCompile>
    <ClCompile Include="src\System\cltCountrySystem.cpp">
      <Filter>來源檔案</Filter>
    </ClCompile>
    <ClCompile Include="src\System\cltGradeSystem.cpp">
      <Filter>來源檔案</Filter>
    </ClCompile>
    <ClCompile Include="src\System\cltMyMsgSystem.cpp">
      <Filter>來源檔案</Filter>
    </ClCompile>
    <ClCompile Include="src\System\cltNPCRecallSystem.cpp">
      <Filter>來源檔案</Filter>
    </ClCompile>
    <ClCompile Include="src\Object\cltNPC_Taxi.cpp">
      <Filter>來源檔案</Filter>
    </ClCompile>
    <ClCompile Include="src\Object\cltQuestMark.cpp">
      <Filter>來源檔案</Filter>
    </ClCompile>
    <ClCompile Include="src\System\cltTestingSystem.cpp">
      <Filter>來源檔案</Filter>
    </ClCompile>
    <ClCompile Include="src\System\cltSpecialtySystem.cpp">
      <Filter>來源檔案</Filter>
    </ClCompile>
    <ClCompile Include="src\System\cltTransformSystem.cpp">
      <Filter>來源檔案</Filter>
    </ClCompile>
    <ClCompile Include="src\System\cltOverMindSystem.cpp">
      <Filter>來源檔案</Filter>
    </ClCompile>
    <ClCompile Include="src\System\cltPetMarketMySalePetSystem.cpp">
      <Filter>來源檔案</Filter>
    </ClCompile>
    <ClCompile Include="src\System\cltPKRankSystem.cpp">
      <Filter>來源檔案</Filter>
    </ClCompile>
    <ClCompile Include="src\System\cltDebuffSystem.cpp">
      <Filter>來源檔案</Filter>
    </ClCompile>
    <ClCompile Include="src\System\CMeritoriousSystem.cpp">
      <Filter>來源檔案</Filter>
    </ClCompile>
    <ClCompile Include="src\System\cltMarriageSystem.cpp">
      <Filter>來源檔案</Filter>
    </ClCompile>
    <ClCompile Include="src\System\CQuizEventSystem.cpp">
      <Filter>來源檔案</Filter>
    </ClCompile>
    <ClCompile Include="src\System\cltMyItemSystem.cpp">
      <Filter>來源檔案</Filter>
    </ClCompile>
    <ClCompile Include="src\Logic\CQuizEventParser.cpp">
      <Filter>來源檔案</Filter>
    </ClCompile>
    <ClCompile Include="src\System\cltCashshopSystem.cpp">
      <Filter>來源檔案</Filter>
    </ClCompile>
    <ClCompile Include="src\System\cltPetKeepingSystem.cpp">
      <Filter>來源檔案</Filter>
    </ClCompile>
    <ClCompile Include="src\System\cltTASSystem.cpp">
      <Filter>來源檔案</Filter>
    </ClCompile>
    <ClCompile Include="src\System\cltTutorialSystem.cpp">
      <Filter>來源檔案</Filter>
    </ClCompile>
    <ClCompile Include="src\Logic\cltCashShopItem.cpp">
      <Filter>來源檔案</Filter>
    </ClCompile>
    <ClCompile Include="src\Logic\CMeritoriousParsers.cpp">
      <Filter>來源檔案</Filter>
    </ClCompile>
    <ClCompile Include="src\Logic\Map.cpp">
      <Filter>來源檔案</Filter>
    </ClCompile>
    <ClCompile Include="src\Logic\CMonsterGroupPerLevel.cpp">
      <Filter>來源檔案</Filter>
    </ClCompile>
    <ClCompile Include="src\System\cltMakingItemSystem.cpp">
      <Filter>來源檔案</Filter>
    </ClCompile>
    <ClCompile Include="src\System\cltEmoticonSystem.cpp">
      <Filter>來源檔案</Filter>
    </ClCompile>
    <ClCompile Include="src\System\CSpiritSystem.cpp">
      <Filter>來源檔案</Filter>
    </ClCompile>
    <ClCompile Include="src\System\cltClientPartySystem.cpp">
      <Filter>來源檔案</Filter>
    </ClCompile>
    <ClCompile Include="src\Logic\cltFieldItemManager.cpp">
      <Filter>來源檔案</Filter>
    </ClCompile>
    <ClCompile Include="src\Logic\cltHelpMessage.cpp">
      <Filter>來源檔案</Filter>
    </ClCompile>
    <ClCompile Include="src\Logic\cltConfiguration.cpp">
      <Filter>來源檔案</Filter>
    </ClCompile>
    <ClCompile Include="src\Logic\cltNPCManager.cpp">
      <Filter>來源檔案</Filter>
    </ClCompile>
    <ClCompile Include="src\UI\CMessageBoxManager.cpp">
      <Filter>來源檔案</Filter>
    </ClCompile>
    <ClCompile Include="src\UI\CUIMessageBoxTypes.cpp">
      <Filter>來源檔案</Filter>
    </ClCompile>
    <ClCompile Include="src\UI\CUIBase.cpp">
      <Filter>來源檔案</Filter>
    </ClCompile>
    <ClCompile Include="src\UI\CUITutorial.cpp">
      <Filter>來源檔案</Filter>
    </ClCompile>
    <ClCompile Include="src\UI\CUIManager.cpp">
      <Filter>來源檔案</Filter>
    </ClCompile>
    <ClCompile Include="src\Util\ScriptParameter.cpp">
      <Filter>來源檔案</Filter>
    </ClCompile>
    <ClCompile Include="src\Util\StringStream.cpp">
      <Filter>來源檔案</Filter>
    </ClCompile>
    <ClCompile Include="src\System\cltEnchantSystem.cpp">
      <Filter>來源檔案</Filter>
    </ClCompile>
    <ClCompile Include="src\System\cltExStorageSystem.cpp">
      <Filter>來源檔案</Filter>
    </ClCompile>
    <ClCompile Include="src\System\CPrivateMarketSystem.cpp">
      <Filter>來源檔案</Filter>
    </ClCompile>
    <ClCompile Include="src\System\cltTradeSystem.cpp">
      <Filter>來源檔案</Filter>
    </ClCompile>
    <ClCompile Include="src\System\cltMoFC_EmoticonSystem.cpp">
      <Filter>來源檔案</Filter>
    </ClCompile>
    <ClCompile Include="src\System\cltMoF_CharacterActionStateSystem.cpp">
      <Filter>來源檔案</Filter>
    </ClCompile>
    <ClCompile Include="src\System\cltStorageSystem.cpp">
      <Filter>來源檔案</Filter>
    </ClCompile>
    <ClCompile Include="src\Info\cltDropItemKindInfo.cpp">
      <Filter>來源檔案</Filter>
    </ClCompile>
    <ClCompile Include="src\Logic\clClientTransportKindInfo.cpp">
      <Filter>來源檔案</Filter>
    </ClCompile>
    <ClCompile Include="src\Logic\cltMapTitle.cpp">
      <Filter>來源檔案</Filter>
    </ClCompile>
    <ClCompile Include="src\Logic\cltMatchManager.cpp">
      <Filter>來源檔案</Filter>
    </ClCompile>
    <ClCompile Include="src\Logic\cltPKManager.cpp">
      <Filter>來源檔案</Filter>
    </ClCompile>
    <ClCompile Include="src\Logic\cltMoF_MineManager.cpp">
      <Filter>來源檔案</Filter>
    </ClCompile>
    <ClCompile Include="src\Logic\cltPKFlagManager.cpp">
      <Filter>來源檔案</Filter>
    </ClCompile>
    <ClCompile Include="src\Logic\clTransportAniInfo.cpp">
      <Filter>來源檔案</Filter>
    </ClCompile>
    <ClCompile Include="src\Logic\clTransportKindInfo.cpp">
      <Filter>來源檔案</Filter>
    </ClCompile>
    <ClCompile Include="src\Logic\CSpiritSpeechMgr.cpp">
      <Filter>來源檔案</Filter>
    </ClCompile>
    <ClCompile Include="src\Object\cltPetObject.cpp">
      <Filter>來源檔案</Filter>
    </ClCompile>
    <ClCompile Include="src\Object\CBaseObject.cpp">
      <Filter>來源檔案</Filter>
    </ClCompile>
    <ClCompile Include="src\Object\CStaticObject.cpp">
      <Filter>來源檔案</Filter>
    </ClCompile>
    <ClCompile Include="src\Object\CPortalObject.cpp">
      <Filter>來源檔案</Filter>
    </ClCompile>
    <ClCompile Include="src\Object\CEffectObject.cpp">
      <Filter>來源檔案</Filter>
    </ClCompile>
    <ClCompile Include="src\Object\cltAniObject.cpp">
      <Filter>來源檔案</Filter>
    </ClCompile>
    <ClCompile Include="src\Object\CObjectResourceManager.cpp">
      <Filter>來源檔案</Filter>
    </ClCompile>
    <ClCompile Include="src\Object\CObjectManager.cpp">
      <Filter>來源檔案</Filter>
    </ClCompile>
    <ClCompile Include="src\Object\cltAnimationObjectManager.cpp">
      <Filter>來源檔案</Filter>
    </ClCompile>
    <ClCompile Include="src\Object\cltNPC_Object.cpp">
      <Filter>來源檔案</Filter>
    </ClCompile>
    <ClCompile Include="src\Object\clTransportObject.cpp">
      <Filter>來源檔案</Filter>
    </ClCompile>
    <ClCompile Include="src\Object\CNPCObject.cpp">
      <Filter>來源檔案</Filter>
    </ClCompile>
    <ClCompile Include="src\Object\DrawObject_All.cpp">
      <Filter>來源檔案</Filter>
    </ClCompile>
    <ClCompile Include="src\Object\cltMoF_SpiritObject.cpp">
      <Filter>來源檔案</Filter>
    </ClCompile>
    <ClCompile Include="src\Info\cltClientPetKindInfo.cpp">
      <Filter>來源檔案</Filter>
    </ClCompile>
    <ClCompile Include="src\Info\cltClientCharKindInfo.cpp">
      <Filter>來源檔案</Filter>
    </ClCompile>
    <ClCompile Include="src\Info\cltClientPortalInfo.cpp">
      <Filter>來源檔案</Filter>
    </ClCompile>
    <ClCompile Include="src\Logic\cltMiniGame_Button.cpp">
      <Filter>來源檔案</Filter>
    </ClCompile>
    <ClCompile Include="src\Logic\cltMoF_ClientMine.cpp">
      <Filter>來源檔案</Filter>
    </ClCompile>
    <ClCompile Include="src\Logic\CPlayerSpirit.cpp">
      <Filter>來源檔案</Filter>
    </ClCompile>
    <ClCompile Include="src\Logic\CSpiritGossip.cpp">
      <Filter>來源檔案</Filter>
    </ClCompile>
    <ClCompile Include="src\Logic\CSpiritQuestSpeech.cpp">
      <Filter>來源檔案</Filter>
    </ClCompile>
    <ClCompile Include="src\Logic\CSpiritSpeech.cpp">
      <Filter>來源檔案</Filter>
    </ClCompile>
    <ClCompile Include="src\Logic\SpiritGossipParser.cpp">
      <Filter>來源檔案</Filter>
    </ClCompile>
    <ClCompile Include="src\Logic\SpiritSpeechParser.cpp">
      <Filter>來源檔案</Filter>
    </ClCompile>
    <ClCompile Include="src\Logic\DirectInputManager.cpp">
      <Filter>來源檔案</Filter>
    </ClCompile>
    <ClCompile Include="src\Logic\XJoyStick.cpp">
      <Filter>來源檔案</Filter>
    </ClCompile>
    <ClCompile Include="src\UI\CControlBoxCashShop.cpp">
      <Filter>來源檔案</Filter>
    </ClCompile>
    <ClCompile Include="src\UI\CControlBoxCreateChar.cpp">
      <Filter>來源檔案</Filter>
    </ClCompile>
    <ClCompile Include="src\UI\CControlBoxMySAItem.cpp">
      <Filter>來源檔案</Filter>
    </ClCompile>
    <ClCompile Include="src\UI\CControlBoxPopMenu.cpp">
      <Filter>來源檔案</Filter>
    </ClCompile>
    <ClCompile Include="src\UI\CControlBoxPrivateShop.cpp">
      <Filter>來源檔案</Filter>
    </ClCompile>
    <ClCompile Include="src\UI\CControlBoxQSL.cpp">
      <Filter>來源檔案</Filter>
    </ClCompile>
    <ClCompile Include="src\UI\CControlBoxSAReceiveItem.cpp">
      <Filter>來源檔案</Filter>
    </ClCompile>
    <ClCompile Include="src\UI\CControlScrollBar.cpp">
      <Filter>來源檔案</Filter>
    </ClCompile>
    <ClCompile Include="src\UI\CControlScrollText.cpp">
      <Filter>來源檔案</Filter>
    </ClCompile>
    <ClCompile Include="src\UI\CTextBoxScroll.cpp">
      <Filter>來源檔案</Filter>
    </ClCompile>
    <ClCompile Include="src\UI\CControlBoxPetInfo.cpp">
      <Filter>來源檔案</Filter>
    </ClCompile>
    <ClCompile Include="src\UI\CControlCA.cpp">
      <Filter>來源檔案</Filter>
    </ClCompile>
    <ClCompile Include="src\UI\CControlCharBox.cpp">
      <Filter>來源檔案</Filter>
    </ClCompile>
    <ClCompile Include="src\UI\CControlChatPrint.cpp">
      <Filter>來源檔案</Filter>
    </ClCompile>
    <ClCompile Include="src\UI\CToolTip.cpp">
      <Filter>來源檔案</Filter>
    </ClCompile>
    <ClCompile Include="src\UI\CToolTipManager.cpp">
      <Filter>來源檔案</Filter>
    </ClCompile>
    <ClCompile Include="src\Helpers\ExTextCodeHelpers.cpp">
      <Filter>來源檔案</Filter>
    </ClCompile>
    <ClCompile Include="src\UI\CUIWorldMap.cpp">
      <Filter>來源檔案</Filter>
    </ClCompile>
    <ClCompile Include="src\MiniGame\Ani_Board.cpp">
      <Filter>來源檔案\MiniGame</Filter>
    </ClCompile>
    <ClCompile Include="src\MiniGame\BackGroundMgr.cpp">
      <Filter>來源檔案\MiniGame</Filter>
    </ClCompile>
    <ClCompile Include="src\MiniGame\BoardMgr.cpp">
      <Filter>來源檔案\MiniGame</Filter>
    </ClCompile>
    <ClCompile Include="src\MiniGame\cltMoF_BaseMiniGame.cpp">
      <Filter>來源檔案\MiniGame</Filter>
    </ClCompile>
    <ClCompile Include="src\MiniGame\cltValidMiniGameScore.cpp">
      <Filter>來源檔案\MiniGame</Filter>
    </ClCompile>
    <ClCompile Include="src\MiniGame\cltMini_Sword_2.cpp">
      <Filter>來源檔案\MiniGame</Filter>
    </ClCompile>
  </ItemGroup>
  <ItemGroup>
    <ClInclude Include="inc\Sound\COgg.h">
      <Filter>標頭檔\Sound</Filter>
    </ClInclude>
    <ClInclude Include="inc\fmod\fmod.h">
      <Filter>標頭檔\fmod</Filter>
    </ClInclude>
    <ClInclude Include="inc\fmod\fmod_errors.h">
      <Filter>標頭檔\fmod</Filter>
    </ClInclude>
    <ClInclude Include="inc\fmod\fmoddyn.h">
      <Filter>標頭檔\fmod</Filter>
    </ClInclude>
    <ClInclude Include="inc\fmod\wincompat.h">
      <Filter>標頭檔\fmod</Filter>
    </ClInclude>
    <ClInclude Include="inc\Image\Comp.h">
      <Filter>標頭檔</Filter>
    </ClInclude>
    <ClInclude Include="inc\Image\GIVertex.h">
      <Filter>標頭檔</Filter>
    </ClInclude>
    <ClInclude Include="inc\Image\CDeviceManager.h">
      <Filter>標頭檔</Filter>
    </ClInclude>
    <ClInclude Include="inc\Image\ImageResource.h">
      <Filter>標頭檔</Filter>
    </ClInclude>
    <ClInclude Include="inc\Image\ImageResourceListDataMgr.h">
      <Filter>標頭檔</Filter>
    </ClInclude>
    <ClInclude Include="inc\Image\CDeviceResetManager.h">
      <Filter>標頭檔</Filter>
    </ClInclude>
    <ClInclude Include="inc\Image\cltBaseResource.h">
      <Filter>標頭檔</Filter>
    </ClInclude>
    <ClInclude Include="inc\Image\cltGIResource.h">
      <Filter>標頭檔</Filter>
    </ClInclude>
    <ClInclude Include="inc\Image\Image.h">
      <Filter>標頭檔</Filter>
    </ClInclude>
    <ClInclude Include="inc\Image\BackGroundImage.h">
      <Filter>標頭檔</Filter>
    </ClInclude>
    <ClInclude Include="inc\Image\GameImage.h">
      <Filter>標頭檔</Filter>
    </ClInclude>
    <ClInclude Include="inc\Image\cltImageManager.h">
      <Filter>標頭檔</Filter>
    </ClInclude>
    <ClInclude Include="inc\Image\LoadingThread.h">
      <Filter>標頭檔</Filter>
    </ClInclude>
    <ClInclude Include="inc\Image\ResourceMgr.h">
      <Filter>標頭檔</Filter>
    </ClInclude>
    <ClInclude Include="inc\Test\CompTest.h">
      <Filter>標頭檔</Filter>
    </ClInclude>
    <ClInclude Include="inc\Test\ImageTest.h">
      <Filter>標頭檔</Filter>
    </ClInclude>
    <ClInclude Include="inc\Image\VertexBufferDataMgr.h">
      <Filter>標頭檔</Filter>
    </ClInclude>
    <ClInclude Include="inc\Image\TextureListDataMgr.h">
      <Filter>標頭檔</Filter>
    </ClInclude>
    <ClInclude Include="inc\Test\ImageDrawTest.h">
      <Filter>標頭檔</Filter>
    </ClInclude>
    <ClInclude Include="inc\Effect\CEffectBase.h">
      <Filter>標頭檔</Filter>
    </ClInclude>
    <ClInclude Include="inc\Effect\CCAEffect.h">
      <Filter>標頭檔</Filter>
    </ClInclude>
    <ClInclude Include="inc\global.h">
      <Filter>標頭檔</Filter>
    </ClInclude>
    <ClInclude Include="inc\Effect\CEffectManager.h">
      <Filter>標頭檔</Filter>
    </ClInclude>
    <ClInclude Include="inc\Effect\CEAManager.h">
      <Filter>標頭檔</Filter>
    </ClInclude>
    <ClInclude Include="inc\Effect\CEffect_Skill_Type_Once.h">
      <Filter>標頭檔</Filter>
    </ClInclude>
    <ClInclude Include="inc\Effect\CEffect_Skill_Type_Directed.h">
      <Filter>標頭檔</Filter>
    </ClInclude>
    <ClInclude Include="inc\Effect\CEffect_Skill_Type_Sustain.h">
      <Filter>標頭檔</Filter>
    </ClInclude>
    <ClInclude Include="inc\Effect\CEffect_Skill_Type_ShootUnit.h">
      <Filter>標頭檔</Filter>
    </ClInclude>
    <ClInclude Include="inc\Effect\CEffect_Battle_GunShoot.h">
      <Filter>標頭檔</Filter>
    </ClInclude>
    <ClInclude Include="inc\Effect\CEffect_Battle_GunSpark.h">
      <Filter>標頭檔</Filter>
    </ClInclude>
    <ClInclude Include="inc\Effect\CEffect_Field_Walkdust.h">
      <Filter>標頭檔</Filter>
    </ClInclude>
    <ClInclude Include="inc\Effect\CEffect_Item_Type_Once.h">
      <Filter>標頭檔</Filter>
    </ClInclude>
    <ClInclude Include="inc\Effect\CEffectUseHitMulti.h">
      <Filter>標頭檔</Filter>
    </ClInclude>
    <ClInclude Include="inc\Effect\CEffect_Battle_BowShoot.h">
      <Filter>標頭檔</Filter>
    </ClInclude>
    <ClInclude Include="inc\Effect\CEffect_Battle_Hit_Normal.h">
      <Filter>標頭檔</Filter>
    </ClInclude>
    <ClInclude Include="inc\Effect\CEffect_Battle_HorizonCut.h">
      <Filter>標頭檔</Filter>
    </ClInclude>
    <ClInclude Include="inc\Effect\CEffect_Battle_MagicBook.h">
      <Filter>標頭檔</Filter>
    </ClInclude>
    <ClInclude Include="inc\Effect\CEffect_Battle_DownCut.h">
      <Filter>標頭檔</Filter>
    </ClInclude>
    <ClInclude Include="inc\Effect\CEffect_Battle_Pierce.h">
      <Filter>標頭檔</Filter>
    </ClInclude>
    <ClInclude Include="inc\Effect\CEffect_Battle_StaffShoot.h">
      <Filter>標頭檔</Filter>
    </ClInclude>
    <ClInclude Include="inc\Effect\CEffect_Battle_TwoHandCut.h">
      <Filter>標頭檔</Filter>
    </ClInclude>
    <ClInclude Include="inc\Effect\CEffect_Battle_UpperCut.h">
      <Filter>標頭檔</Filter>
    </ClInclude>
    <ClInclude Include="inc\Effect\CEffect_Field_AttackMiss.h">
      <Filter>標頭檔</Filter>
    </ClInclude>
    <ClInclude Include="inc\Effect\CEffect_Field_CriticalNumber.h">
      <Filter>標頭檔</Filter>
    </ClInclude>
    <ClInclude Include="inc\Effect\CEffect_Field_DamageNumber.h">
      <Filter>標頭檔</Filter>
    </ClInclude>
    <ClInclude Include="inc\Effect\CEffect_Field_ExpNumber.h">
      <Filter>標頭檔</Filter>
    </ClInclude>
    <ClInclude Include="inc\Effect\CEffect_Field_HealNumber.h">
      <Filter>標頭檔</Filter>
    </ClInclude>
    <ClInclude Include="inc\Effect\CEffect_Field_Pet_ItemPick.h">
      <Filter>標頭檔</Filter>
    </ClInclude>
    <ClInclude Include="inc\Effect\CEffect_Field_Pet_ItemPick_Sub.h">
      <Filter>標頭檔</Filter>
    </ClInclude>
    <ClInclude Include="inc\Effect\CEffect_Field_Miss.h">
      <Filter>標頭檔</Filter>
    </ClInclude>
    <ClInclude Include="inc\Effect\CEffect_Field_ItemPick.h">
      <Filter>標頭檔</Filter>
    </ClInclude>
    <ClInclude Include="inc\Effect\CEffect_Field_ItemPick_Sub.h">
      <Filter>標頭檔</Filter>
    </ClInclude>
    <ClInclude Include="inc\Character\ClientCharacter.h">
      <Filter>標頭檔</Filter>
    </ClInclude>
    <ClInclude Include="inc\Effect\CEffect_OverMind_Screen.h">
      <Filter>標頭檔</Filter>
    </ClInclude>
    <ClInclude Include="inc\Character\ClientCharacterManager.h">
      <Filter>標頭檔</Filter>
    </ClInclude>
    <ClInclude Include="inc\Test\EffectSystemTest.h">
      <Filter>標頭檔</Filter>
    </ClInclude>
    <ClInclude Include="inc\Effect\CEffect_Field_Recall_Potal.h">
      <Filter>標頭檔</Filter>
    </ClInclude>
    <ClInclude Include="inc\Effect\CEffect_Field_Warp.h">
      <Filter>標頭檔</Filter>
    </ClInclude>
    <ClInclude Include="inc\Effect\CEffect_Hit_Critical.h">
      <Filter>標頭檔</Filter>
    </ClInclude>
    <ClInclude Include="inc\Effect\CEffect_Item_Use_HPPotion.h">
      <Filter>標頭檔</Filter>
    </ClInclude>
    <ClInclude Include="inc\Effect\CEffect_MapEffect.h">
      <Filter>標頭檔</Filter>
    </ClInclude>
    <ClInclude Include="inc\Effect\CEffect_MiniGame_Archer_String.h">
      <Filter>標頭檔</Filter>
    </ClInclude>
    <ClInclude Include="inc\Effect\CEffect_MiniGame_Class_Sword.h">
      <Filter>標頭檔</Filter>
    </ClInclude>
    <ClInclude Include="inc\Effect\CEffect_MiniGame_Fighter_Break.h">
      <Filter>標頭檔</Filter>
    </ClInclude>
    <ClInclude Include="inc\Effect\CEffect_MiniGame_Fighter_String.h">
      <Filter>標頭檔</Filter>
    </ClInclude>
    <ClInclude Include="inc\Effect\CEffect_MiniGame_MagicStick_Left.h">
      <Filter>標頭檔</Filter>
    </ClInclude>
    <ClInclude Include="inc\Effect\CEffect_MiniGame_MagicStick_Right.h">
      <Filter>標頭檔</Filter>
    </ClInclude>
    <ClInclude Include="inc\Effect\CEffect_MiniGame_Priest_Heal.h">
      <Filter>標頭檔</Filter>
    </ClInclude>
    <ClInclude Include="inc\Effect\CEffect_MiniGame_Priest_Light.h">
      <Filter>標頭檔</Filter>
    </ClInclude>
    <ClInclude Include="inc\Effect\CEffect_MiniGame_Wizard_String.h">
      <Filter>標頭檔</Filter>
    </ClInclude>
    <ClInclude Include="inc\Effect\CEffect_Mon_DarkBall.h">
      <Filter>標頭檔</Filter>
    </ClInclude>
    <ClInclude Include="inc\Effect\CEffect_Mon_DarkSpark.h">
      <Filter>標頭檔</Filter>
    </ClInclude>
    <ClInclude Include="inc\Effect\CEffect_Mon_Die_Ghost.h">
      <Filter>標頭檔</Filter>
    </ClInclude>
    <ClInclude Include="inc\Effect\CEffect_Mon_ElecSpark.h">
      <Filter>標頭檔</Filter>
    </ClInclude>
    <ClInclude Include="inc\Effect\CEffect_Mon_FireSpark.h">
      <Filter>標頭檔</Filter>
    </ClInclude>
    <ClInclude Include="inc\Effect\CEffect_Pet_Base.h">
      <Filter>標頭檔</Filter>
    </ClInclude>
    <ClInclude Include="inc\Effect\CEffect_Player_Dead.h">
      <Filter>標頭檔</Filter>
    </ClInclude>
    <ClInclude Include="inc\Effect\CEffect_Player_EnchantLevel.h">
      <Filter>標頭檔</Filter>
    </ClInclude>
    <ClInclude Include="inc\Effect\CEffect_Player_FItem_Effect.h">
      <Filter>標頭檔</Filter>
    </ClInclude>
    <ClInclude Include="inc\Effect\CEffect_Player_Goggles.h">
      <Filter>標頭檔</Filter>
    </ClInclude>
    <ClInclude Include="inc\Effect\CEffect_Player_MapConqueror.h">
      <Filter>標頭檔</Filter>
    </ClInclude>
    <ClInclude Include="inc\Effect\CEffect_Player_PCRoom_Effect.h">
      <Filter>標頭檔</Filter>
    </ClInclude>
    <ClInclude Include="inc\Effect\CEffect_Player_Special_Top_Effect.h">
      <Filter>標頭檔</Filter>
    </ClInclude>
    <ClInclude Include="inc\Effect\CEffect_Player_Special_Bottom_Effect.h">
      <Filter>標頭檔</Filter>
    </ClInclude>
    <ClInclude Include="inc\Effect\CEffect_Player_Tolerance.h">
      <Filter>標頭檔</Filter>
    </ClInclude>
    <ClInclude Include="inc\Effect\CEffect_Player_WeatherPreView.h">
      <Filter>標頭檔</Filter>
    </ClInclude>
    <ClInclude Include="inc\Effect\CEffect_Portal.h">
      <Filter>標頭檔</Filter>
    </ClInclude>
    <ClInclude Include="inc\Effect\CEffect_Skill_Blocking.h">
      <Filter>標頭檔</Filter>
    </ClInclude>
    <ClInclude Include="inc\Effect\CEffect_Skill_Freezing.h">
      <Filter>標頭檔</Filter>
    </ClInclude>
    <ClInclude Include="inc\Effect\CEffect_Skill_Heal.h">
      <Filter>標頭檔</Filter>
    </ClInclude>
    <ClInclude Include="inc\Effect\CEffect_Skill_HealPray.h">
      <Filter>標頭檔</Filter>
    </ClInclude>
    <ClInclude Include="inc\Effect\CEffect_Skill_Hit.h">
      <Filter>標頭檔</Filter>
    </ClInclude>
    <ClInclude Include="inc\Effect\CEffect_Skill_Integrity.h">
      <Filter>標頭檔</Filter>
    </ClInclude>
    <ClInclude Include="inc\Effect\CEffect_Skill_OtherHeal.h">
      <Filter>標頭檔</Filter>
    </ClInclude>
    <ClInclude Include="inc\Effect\CEffect_Skill_Resurrection.h">
      <Filter>標頭檔</Filter>
    </ClInclude>
    <ClInclude Include="inc\Effect\CEffect_Skill_SpeedUP.h">
      <Filter>標頭檔</Filter>
    </ClInclude>
    <ClInclude Include="inc\Effect\CEffect_Skill_Take.h">
      <Filter>標頭檔</Filter>
    </ClInclude>
    <ClInclude Include="inc\Effect\CEffect_Skill_Trap_Explosion.h">
      <Filter>標頭檔</Filter>
    </ClInclude>
    <ClInclude Include="inc\Effect\CEffect_Skill_Type_Directed_Target.h">
      <Filter>標頭檔</Filter>
    </ClInclude>
    <ClInclude Include="inc\Effect\CEffect_WeddingHall.h">
      <Filter>標頭檔</Filter>
    </ClInclude>
    <ClInclude Include="inc\Effect\CEffect_Use_Hit.h">
      <Filter>標頭檔</Filter>
    </ClInclude>
    <ClInclude Include="inc\Effect\CEffect_UI_ButtonSide.h">
      <Filter>標頭檔</Filter>
    </ClInclude>
    <ClInclude Include="inc\Effect\CEffect_UI_HP_MP_Number.h">
      <Filter>標頭檔</Filter>
    </ClInclude>
    <ClInclude Include="inc\Effect\CEffect_UI_SkillSet.h">
      <Filter>標頭檔</Filter>
    </ClInclude>
    <ClInclude Include="inc\Effect\CEffect_UI_WorldMap_Light.h">
      <Filter>標頭檔</Filter>
    </ClInclude>
    <ClInclude Include="inc\Effect\CBulletBase.h">
      <Filter>標頭檔</Filter>
    </ClInclude>
    <ClInclude Include="inc\Effect\CBulletArrow.h">
      <Filter>標頭檔</Filter>
    </ClInclude>
    <ClInclude Include="inc\UI\CListMgr.h">
      <Filter>Header Files</Filter>
    </ClInclude>
    <ClInclude Include="inc\UI\CControlBase.h">
      <Filter>Header Files</Filter>
    </ClInclude>
    <ClInclude Include="inc\UI\CControlAlphaBox.h">
      <Filter>Header Files</Filter>
    </ClInclude>
    <ClInclude Include="inc\UI\CControlImage.h">
      <Filter>Header Files</Filter>
    </ClInclude>
    <ClInclude Include="inc\UI\CControlText.h">
      <Filter>Header Files</Filter>
    </ClInclude>
    <ClInclude Include="inc\UI\CControlButtonBase.h">
      <Filter>Header Files</Filter>
    </ClInclude>
    <ClInclude Include="inc\UI\CMoveIcon.h">
      <Filter>Header Files</Filter>
    </ClInclude>
    <ClInclude Include="inc\Font\FileCrypt.h">
      <Filter>Header Files</Filter>
    </ClInclude>
    <ClInclude Include="inc\Font\FTInfo.h">
      <Filter>Header Files</Filter>
    </ClInclude>
    <ClInclude Include="inc\Font\CMoFFontTextureManager.h">
      <Filter>Header Files</Filter>
    </ClInclude>
    <ClInclude Include="inc\Font\TLILInfo.h">
      <Filter>Header Files</Filter>
    </ClInclude>
    <ClInclude Include="inc\Font\TextLineInfoListMgr.h">
      <Filter>Header Files</Filter>
    </ClInclude>
    <ClInclude Include="inc\Font\TILInfo.h">
      <Filter>Header Files</Filter>
    </ClInclude>
    <ClInclude Include="inc\Font\TextInfoListMgr.h">
      <Filter>Header Files</Filter>
    </ClInclude>
    <ClInclude Include="inc\Font\MoFFont.h">
      <Filter>Header Files</Filter>
    </ClInclude>
    <ClInclude Include="inc\Font\stFontInfo.h">
      <Filter>標頭檔</Filter>
    </ClInclude>
    <ClInclude Include="inc\UI\stToolTipData.h">
      <Filter>標頭檔</Filter>
    </ClInclude>
    <ClInclude Include="inc\Text\Huffman.h">
      <Filter>標頭檔</Filter>
    </ClInclude>
    <ClInclude Include="inc\Text\cltTextFileManager.h">
      <Filter>Header Files</Filter>
    </ClInclude>
    <ClInclude Include="inc\Text\DCTTextManager.h">
      <Filter>Header Files</Filter>
    </ClInclude>
    <ClInclude Include="inc\Test\FontSystemTest.h">
      <Filter>標頭檔</Filter>
    </ClInclude>
    <ClInclude Include="inc\UI\CEditBoxBackgroundImage.h">
      <Filter>Header Files</Filter>
    </ClInclude>
    <ClInclude Include="inc\conf.h">
      <Filter>標頭檔</Filter>
    </ClInclude>
    <ClInclude Include="inc\FileSystem\CMOFPacking.h">
      <Filter>標頭檔</Filter>
    </ClInclude>
    <ClInclude Include="inc\FileSystem\nfs.h">
      <Filter>標頭檔</Filter>
    </ClInclude>
    <ClInclude Include="inc\Test\cm_packing_integration_test.h">
      <Filter>標頭檔</Filter>
    </ClInclude>
    <ClInclude Include="inc\Test\nfs_test.h">
      <Filter>標頭檔</Filter>
    </ClInclude>
    <ClInclude Include="inc\Test\Test.h">
      <Filter>標頭檔</Filter>
    </ClInclude>
    <ClInclude Include="inc\Test\UI_Basic_Test.h">
      <Filter>標頭檔</Filter>
    </ClInclude>
    <ClInclude Include="inc\Test\SoundTest.h">
      <Filter>標頭檔</Filter>
    </ClInclude>
    <ClInclude Include="inc\Text\DCTIMM.h">
      <Filter>標頭檔</Filter>
    </ClInclude>
    <ClInclude Include="inc\Text\DCTIMMList.h">
      <Filter>標頭檔</Filter>
    </ClInclude>
    <ClInclude Include="inc\UI\CControlEditBox.h">
      <Filter>標頭檔</Filter>
    </ClInclude>
    <ClInclude Include="inc\UI\CControlImageTriple.h">
      <Filter>標頭檔</Filter>
    </ClInclude>
    <ClInclude Include="inc\UI\CControlMyItem.h">
      <Filter>標頭檔</Filter>
    </ClInclude>
    <ClInclude Include="inc\UI\CControlBoxBase.h">
      <Filter>標頭檔</Filter>
    </ClInclude>
    <ClInclude Include="inc\UI\CControlCount.h">
      <Filter>標頭檔</Filter>
    </ClInclude>
    <ClInclude Include="inc\UI\CControlCountBar.h">
      <Filter>標頭檔</Filter>
    </ClInclude>
    <ClInclude Include="inc\UI\CControlButton.h">
      <Filter>標頭檔</Filter>
    </ClInclude>
    <ClInclude Include="inc\UI\CControlCountScrollButton.h">
      <Filter>標頭檔</Filter>
    </ClInclude>
    <ClInclude Include="inc\UI\CControlBoxBuyPetFeed.h">
      <Filter>標頭檔</Filter>
    </ClInclude>
    <ClInclude Include="inc\UI\CControlBoxAbility.h">
      <Filter>標頭檔</Filter>
    </ClInclude>
    <ClInclude Include="inc\UI\CControlBoxBuySkill.h">
      <Filter>標頭檔</Filter>
    </ClInclude>
    <ClInclude Include="inc\UI\CControlBoxEquip.h">
      <Filter>標頭檔</Filter>
    </ClInclude>
    <ClInclude Include="inc\UI\CControlNumberBox.h">
      <Filter>標頭檔</Filter>
    </ClInclude>
    <ClInclude Include="inc\UI\CControlNumberImage.h">
      <Filter>標頭檔</Filter>
    </ClInclude>
    <ClInclude Include="inc\UI\CControlPageScroll.h">
      <Filter>標頭檔</Filter>
    </ClInclude>
    <ClInclude Include="inc\UI\CControlBoxInvenItem.h">
      <Filter>標頭檔</Filter>
    </ClInclude>
    <ClInclude Include="inc\UI\CControlBoxCashShopStrgItem.h">
      <Filter>標頭檔</Filter>
    </ClInclude>
    <ClInclude Include="inc\UI\CControlBoxLessonList.h">
      <Filter>標頭檔</Filter>
    </ClInclude>
    <ClInclude Include="inc\UI\CControlBoxLessonSchedule.h">
      <Filter>標頭檔</Filter>
    </ClInclude>
    <ClInclude Include="inc\UI\CControlBoxMaking.h">
      <Filter>標頭檔</Filter>
    </ClInclude>
    <ClInclude Include="inc\UI\CControlBoxQuest.h">
      <Filter>標頭檔</Filter>
    </ClInclude>
    <ClInclude Include="inc\UI\CControlBoxQuestAlarm.h">
      <Filter>標頭檔</Filter>
    </ClInclude>
    <ClInclude Include="inc\UI\CControlBoxShopItem.h">
      <Filter>標頭檔</Filter>
    </ClInclude>
    <ClInclude Include="inc\UI\CControlBoxSkill.h">
      <Filter>標頭檔</Filter>
    </ClInclude>
    <ClInclude Include="inc\UI\CControlBoxSpecialty.h">
      <Filter>標頭檔</Filter>
    </ClInclude>
    <ClInclude Include="inc\UI\CControlChatBallon.h">
      <Filter>標頭檔</Filter>
    </ClInclude>
    <ClInclude Include="inc\UI\CControlCheckButton.h">
      <Filter>標頭檔</Filter>
    </ClInclude>
    <ClInclude Include="inc\UI\CControlMoveText.h">
      <Filter>標頭檔</Filter>
    </ClInclude>
    <ClInclude Include="inc\UI\CControlTab.h">
      <Filter>標頭檔</Filter>
    </ClInclude>
    <ClInclude Include="inc\UI\CControlTabMgr.h">
      <Filter>標頭檔</Filter>
    </ClInclude>
    <ClInclude Include="inc\UI\CControlPosButton.h">
      <Filter>標頭檔</Filter>
    </ClInclude>
    <ClInclude Include="inc\Info\cltDebuffKindInfo.h">
      <Filter>標頭檔</Filter>
    </ClInclude>
    <ClInclude Include="inc\Info\cltItemKindInfo.h">
      <Filter>標頭檔</Filter>
    </ClInclude>
    <ClInclude Include="inc\Info\cltClassKindInfo.h">
      <Filter>標頭檔</Filter>
    </ClInclude>
    <ClInclude Include="inc\Info\cltLessonKindInfo.h">
      <Filter>標頭檔</Filter>
    </ClInclude>
    <ClInclude Include="inc\Info\cltMonsterToleranceKindInfo.h">
      <Filter>標頭檔</Filter>
    </ClInclude>
    <ClInclude Include="inc\Info\cltBasicAppearKindInfo.h">
      <Filter>標頭檔</Filter>
    </ClInclude>
    <ClInclude Include="inc\System\cltBasicAppearSystem.h">
      <Filter>標頭檔</Filter>
    </ClInclude>
    <ClInclude Include="inc\Info\cltInstantDungeonKindInfo.h">
      <Filter>標頭檔</Filter>
    </ClInclude>
    <ClInclude Include="inc\Info\cltInstantDungeonMapKindInfo.h">
      <Filter>標頭檔</Filter>
    </ClInclude>
    <ClInclude Include="inc\Info\cltMapInfo.h">
      <Filter>標頭檔</Filter>
    </ClInclude>
    <ClInclude Include="inc\Info\cltCharKindInfo.h">
      <Filter>標頭檔</Filter>
    </ClInclude>
    <ClInclude Include="inc\Info\cltMyItemKindInfo.h">
      <Filter>標頭檔</Filter>
    </ClInclude>
    <ClInclude Include="inc\Info\cltEmblemKindInfo.h">
      <Filter>標頭檔</Filter>
    </ClInclude>
    <ClInclude Include="inc\Info\cltQuestKindInfo.h">
      <Filter>標頭檔</Filter>
    </ClInclude>
    <ClInclude Include="inc\Info\cltMineKindInfo.h">
      <Filter>標頭檔</Filter>
    </ClInclude>
    <ClInclude Include="inc\Info\cltPKRankKindInfo.h">
      <Filter>標頭檔</Filter>
    </ClInclude>
    <ClInclude Include="inc\Info\cltQuestionKindInfo.h">
      <Filter>標頭檔</Filter>
    </ClInclude>
    <ClInclude Include="inc\Info\cltNPCInfo.h">
      <Filter>標頭檔</Filter>
    </ClInclude>
    <ClInclude Include="inc\System\cltMoneySystem.h">
      <Filter>標頭檔</Filter>
    </ClInclude>
    <ClInclude Include="inc\Info\cltWeddingHallKindInfo.h">
      <Filter>標頭檔</Filter>
    </ClInclude>
    <ClInclude Include="inc\Info\cltExtraRegenMonsterKindInfo.h">
      <Filter>標頭檔</Filter>
    </ClInclude>
    <ClInclude Include="inc\Info\cltEmoticonKindInfo.h">
      <Filter>標頭檔</Filter>
    </ClInclude>
    <ClInclude Include="inc\Info\cltCoupleRingKindInfo.h">
      <Filter>標頭檔</Filter>
    </ClInclude>
    <ClInclude Include="inc\Info\cltFrontServerInfo.h">
      <Filter>標頭檔</Filter>
    </ClInclude>
    <ClInclude Include="inc\Info\cltMapAreaKindInfo.h">
      <Filter>標頭檔</Filter>
    </ClInclude>
    <ClInclude Include="inc\Info\cltPetKindInfo.h">
      <Filter>標頭檔</Filter>
    </ClInclude>
    <ClInclude Include="inc\Info\cltPetSkillKindInfo.h">
      <Filter>標頭檔</Filter>
    </ClInclude>
    <ClInclude Include="inc\Info\cltClimateKindInfo.h">
      <Filter>標頭檔</Filter>
    </ClInclude>
    <ClInclude Include="inc\Info\cltTitleKindInfo.h">
      <Filter>標頭檔</Filter>
    </ClInclude>
    <ClInclude Include="inc\Info\cltSkillKindInfo.h">
      <Filter>標頭檔</Filter>
    </ClInclude>
    <ClInclude Include="inc\Other\cltAttackAtb.h">
      <Filter>標頭檔</Filter>
    </ClInclude>
    <ClInclude Include="inc\Info\cltMoFC_EffectKindInfo.h">
      <Filter>標頭檔</Filter>
    </ClInclude>
    <ClInclude Include="inc\Info\cltTransformKindInfo.h">
      <Filter>標頭檔</Filter>
    </ClInclude>
    <ClInclude Include="inc\Info\cltEnchantKindInfo.h">
      <Filter>標頭檔</Filter>
    </ClInclude>
    <ClInclude Include="inc\Info\cltMakingItemKindInfo.h">
      <Filter>標頭檔</Filter>
    </ClInclude>
    <ClInclude Include="inc\Info\cltMapUseItemInfoKindInfo.h">
      <Filter>標頭檔</Filter>
    </ClInclude>
    <ClInclude Include="inc\Info\cltMonsterAniInfo.h">
      <Filter>標頭檔</Filter>
    </ClInclude>
    <ClInclude Include="inc\Info\cltPetAniInfo.h">
      <Filter>標頭檔</Filter>
    </ClInclude>
    <ClInclude Include="inc\Info\cltMoF_NameTagInfo.h">
      <Filter>標頭檔</Filter>
    </ClInclude>
    <ClInclude Include="inc\Info\cltMoF_ChatBallonInfo.h">
      <Filter>標頭檔</Filter>
    </ClInclude>
    <ClInclude Include="inc\Info\cltResurrectInfo.h">
      <Filter>標頭檔</Filter>
    </ClInclude>
    <ClInclude Include="inc\Info\cltPortalInfo.h">
      <Filter>標頭檔</Filter>
    </ClInclude>
    <ClInclude Include="inc\Info\cltSpecialtyKindInfo.h">
      <Filter>標頭檔</Filter>
    </ClInclude>
    <ClInclude Include="inc\Info\cltPandoraKindInfo.h">
      <Filter>標頭檔</Filter>
    </ClInclude>
    <ClInclude Include="inc\Info\cltWorldMapColorInfo.h">
      <Filter>標頭檔</Filter>
    </ClInclude>
    <ClInclude Include="inc\Other\cltBaseAbility.h">
      <Filter>標頭檔</Filter>
    </ClInclude>
    <ClInclude Include="inc\Other\CAttendanceBookParser.h">
      <Filter>標頭檔</Filter>
    </ClInclude>
    <ClInclude Include="inc\System\cltSexSystem.h">
      <Filter>標頭檔</Filter>
    </ClInclude>
    <ClInclude Include="inc\Util\cltTimer.h">
      <Filter>標頭檔</Filter>
    </ClInclude>
    <ClInclude Include="inc\System\cltLevelSystem.h">
      <Filter>標頭檔</Filter>
    </ClInclude>
    <ClInclude Include="inc\Sound\CSoundSystem.h">
      <Filter>標頭檔</Filter>
    </ClInclude>
    <ClInclude Include="inc\Sound\CWaveFile.h">
      <Filter>標頭檔</Filter>
    </ClInclude>
    <ClInclude Include="inc\Sound\GameSound.h">
      <Filter>標頭檔</Filter>
    </ClInclude>
    <ClInclude Include="inc\System\cltClassSystem.h">
      <Filter>標頭檔</Filter>
    </ClInclude>
    <ClInclude Include="inc\Logic\cltBaseInventory.h">
      <Filter>標頭檔</Filter>
    </ClInclude>
    <ClInclude Include="inc\System\cltEquipmentSystem.h">
      <Filter>標頭檔</Filter>
    </ClInclude>
    <ClInclude Include="inc\Logic\cltFieldItem.h">
      <Filter>標頭檔</Filter>
    </ClInclude>
    <ClInclude Include="inc\Logic\cltItemList.h">
      <Filter>標頭檔</Filter>
    </ClInclude>
    <ClInclude Include="inc\System\cltQuickSlotSystem.h">
      <Filter>標頭檔</Filter>
    </ClInclude>
    <ClInclude Include="inc\Logic\cltShopInfo.h">
      <Filter>標頭檔</Filter>
    </ClInclude>
    <ClInclude Include="inc\System\cltUsingItemSystem.h">
      <Filter>標頭檔</Filter>
    </ClInclude>
    <ClInclude Include="inc\Network\CMofMsg.h">
      <Filter>標頭檔</Filter>
    </ClInclude>
    <ClInclude Include="inc\Network\CMoFNetwork.h">
      <Filter>標頭檔</Filter>
    </ClInclude>
    <ClInclude Include="inc\Network\DCTNetwork.h">
      <Filter>標頭檔</Filter>
    </ClInclude>
    <ClInclude Include="inc\System\cltLessonSystem.h">
      <Filter>標頭檔</Filter>
    </ClInclude>
    <ClInclude Include="inc\System\cltSkillSystem.h">
      <Filter>標頭檔</Filter>
    </ClInclude>
    <ClInclude Include="inc\System\cltUsingSkillSystem.h">
      <Filter>標頭檔</Filter>
    </ClInclude>
    <ClInclude Include="inc\System\cltWorkingPassiveSkillSystem.h">
      <Filter>標頭檔</Filter>
    </ClInclude>
    <ClInclude Include="inc\System\cltHelpSystem.h">
      <Filter>標頭檔</Filter>
    </ClInclude>
    <ClInclude Include="inc\System\cltPlayerAbility.h">
      <Filter>標頭檔</Filter>
    </ClInclude>
    <ClInclude Include="inc\System\cltEmblemSystem.h">
      <Filter>標頭檔</Filter>
    </ClInclude>
    <ClInclude Include="inc\System\cltPartySystem.h">
      <Filter>標頭檔</Filter>
    </ClInclude>
    <ClInclude Include="inc\System\cltQuestSystem.h">
      <Filter>標頭檔</Filter>
    </ClInclude>
    <ClInclude Include="inc\System\cltMonsterToleranceSystem.h">
      <Filter>標頭檔</Filter>
    </ClInclude>
    <ClInclude Include="inc\System\cltRestBonusSystem.h">
      <Filter>標頭檔</Filter>
    </ClInclude>
    <ClInclude Include="inc\System\cltPetSystem.h">
      <Filter>標頭檔</Filter>
    </ClInclude>
    <ClInclude Include="inc\System\cltTitleSystem.h">
      <Filter>標頭檔</Filter>
    </ClInclude>
    <ClInclude Include="inc\System\cltPetInventorySystem.h">
      <Filter>標頭檔</Filter>
    </ClInclude>
    <ClInclude Include="inc\System\cltPetSkillSystem.h">
      <Filter>標頭檔</Filter>
    </ClInclude>
    <ClInclude Include="inc\System\cltCountrySystem.h">
      <Filter>標頭檔</Filter>
    </ClInclude>
    <ClInclude Include="inc\System\cltGradeSystem.h">
      <Filter>標頭檔</Filter>
    </ClInclude>
    <ClInclude Include="inc\System\cltMyMsgSystem.h">
      <Filter>標頭檔</Filter>
    </ClInclude>
    <ClInclude Include="inc\System\cltNPCRecallSystem.h">
      <Filter>標頭檔</Filter>
    </ClInclude>
    <ClInclude Include="inc\System\cltTestingSystem.h">
      <Filter>標頭檔</Filter>
    </ClInclude>
    <ClInclude Include="inc\System\cltSpecialtySystem.h">
      <Filter>標頭檔</Filter>
    </ClInclude>
    <ClInclude Include="inc\System\cltTransformSystem.h">
      <Filter>標頭檔</Filter>
    </ClInclude>
    <ClInclude Include="inc\System\cltOverMindSystem.h">
      <Filter>標頭檔</Filter>
    </ClInclude>
    <ClInclude Include="inc\System\cltPetMarketMySalePetSystem.h">
      <Filter>標頭檔</Filter>
    </ClInclude>
    <ClInclude Include="inc\System\cltPKRankSystem.h">
      <Filter>標頭檔</Filter>
    </ClInclude>
    <ClInclude Include="inc\System\cltDebuffSystem.h">
      <Filter>標頭檔</Filter>
    </ClInclude>
    <ClInclude Include="inc\System\CMeritoriousSystem.h">
      <Filter>標頭檔</Filter>
    </ClInclude>
    <ClInclude Include="inc\System\cltMarriageSystem.h">
      <Filter>標頭檔</Filter>
    </ClInclude>
    <ClInclude Include="inc\System\CQuizEventSystem.h">
      <Filter>標頭檔</Filter>
    </ClInclude>
    <ClInclude Include="inc\System\cltMyItemSystem.h">
      <Filter>標頭檔</Filter>
    </ClInclude>
    <ClInclude Include="inc\Logic\CQuizEventParser.h">
      <Filter>標頭檔</Filter>
    </ClInclude>
    <ClInclude Include="inc\System\cltCashshopSystem.h">
      <Filter>標頭檔</Filter>
    </ClInclude>
    <ClInclude Include="inc\System\cltPetKeepingSystem.h">
      <Filter>標頭檔</Filter>
    </ClInclude>
    <ClInclude Include="inc\System\cltTASSystem.h">
      <Filter>標頭檔</Filter>
    </ClInclude>
    <ClInclude Include="inc\System\cltTutorialSystem.h">
      <Filter>標頭檔</Filter>
    </ClInclude>
    <ClInclude Include="inc\Logic\cltCashShopItem.h">
      <Filter>標頭檔</Filter>
    </ClInclude>
    <ClInclude Include="inc\Logic\CMeritoriousParsers.h">
      <Filter>標頭檔</Filter>
    </ClInclude>
    <ClInclude Include="inc\Logic\CShortKey.h">
      <Filter>標頭檔</Filter>
    </ClInclude>
    <ClInclude Include="inc\Logic\cltSystemMessage.h">
      <Filter>標頭檔</Filter>
    </ClInclude>
    <ClInclude Include="inc\Logic\cltMyCharData.h">
      <Filter>標頭檔</Filter>
    </ClInclude>
    <ClInclude Include="inc\Logic\cltConfiguration.h">
      <Filter>標頭檔</Filter>
    </ClInclude>
    <ClInclude Include="inc\Logic\cltFieldItemManager.h">
      <Filter>標頭檔</Filter>
    </ClInclude>
    <ClInclude Include="inc\Logic\cltHelpMessage.h">
      <Filter>標頭檔</Filter>
    </ClInclude>
    <ClInclude Include="inc\Logic\cltNPCManager.h">
      <Filter>標頭檔</Filter>
    </ClInclude>
    <ClInclude Include="inc\Logic\CMonsterGroupPerLevel.h">
      <Filter>標頭檔</Filter>
    </ClInclude>
    <ClInclude Include="inc\Logic\CObjectManager.h">
      <Filter>標頭檔</Filter>
    </ClInclude>
    <ClInclude Include="inc\Logic\Map.h">
      <Filter>標頭檔</Filter>
    </ClInclude>
    <ClInclude Include="inc\System\cltMakingItemSystem.h">
      <Filter>標頭檔</Filter>
    </ClInclude>
    <ClInclude Include="inc\System\cltEmoticonSystem.h">
      <Filter>標頭檔</Filter>
    </ClInclude>
    <ClInclude Include="inc\System\CSpiritSystem.h">
      <Filter>標頭檔</Filter>
    </ClInclude>
    <ClInclude Include="inc\System\cltClientPartySystem.h">
      <Filter>標頭檔</Filter>
    </ClInclude>
    <ClInclude Include="inc\System\cltEnchantSystem.h">
      <Filter>標頭檔</Filter>
    </ClInclude>
    <ClInclude Include="inc\System\cltExStorageSystem.h">
      <Filter>標頭檔</Filter>
    </ClInclude>
    <ClInclude Include="inc\Util\ScriptParameter.h">
      <Filter>標頭檔</Filter>
    </ClInclude>
    <ClInclude Include="inc\Util\StringStream.h">
      <Filter>標頭檔</Filter>
    </ClInclude>
    <ClInclude Include="inc\System\CPrivateMarketSystem.h">
      <Filter>標頭檔</Filter>
    </ClInclude>
    <ClInclude Include="inc\System\cltTradeSystem.h">
      <Filter>標頭檔</Filter>
    </ClInclude>
    <ClInclude Include="inc\System\cltMoFC_EmoticonSystem.h">
      <Filter>標頭檔</Filter>
    </ClInclude>
    <ClInclude Include="inc\System\cltMoF_CharacterActionStateSystem.h">
      <Filter>標頭檔</Filter>
    </ClInclude>
    <ClInclude Include="inc\System\cltStorageSystem.h">
      <Filter>標頭檔</Filter>
    </ClInclude>
    <ClInclude Include="inc\Info\cltDropItemKindInfo.h">
      <Filter>標頭檔</Filter>
    </ClInclude>
    <ClInclude Include="inc\Logic\clClientTransportKindInfo.h">
      <Filter>標頭檔</Filter>
    </ClInclude>
    <ClInclude Include="inc\Logic\cltMapTitle.h">
      <Filter>標頭檔</Filter>
    </ClInclude>
    <ClInclude Include="inc\Logic\cltMatchManager.h">
      <Filter>標頭檔</Filter>
    </ClInclude>
    <ClInclude Include="inc\Logic\cltPKManager.h">
      <Filter>標頭檔</Filter>
    </ClInclude>
    <ClInclude Include="inc\Logic\cltMoF_MineManager.h">
      <Filter>標頭檔</Filter>
    </ClInclude>
    <ClInclude Include="inc\Logic\cltPKFlagManager.h">
      <Filter>標頭檔</Filter>
    </ClInclude>
    <ClInclude Include="inc\Logic\clTransportAniInfo.h">
      <Filter>標頭檔</Filter>
    </ClInclude>
    <ClInclude Include="inc\Logic\clTransportKindInfo.h">
      <Filter>標頭檔</Filter>
    </ClInclude>
    <ClInclude Include="inc\Logic\CSpiritSpeechMgr.h">
      <Filter>標頭檔</Filter>
    </ClInclude>
    <ClInclude Include="inc\Object\cltNPC_Taxi.h">
      <Filter>標頭檔</Filter>
    </ClInclude>
    <ClInclude Include="inc\Object\cltQuestMark.h">
      <Filter>標頭檔</Filter>
    </ClInclude>
    <ClInclude Include="inc\Object\cltPetObject.h">
      <Filter>標頭檔</Filter>
    </ClInclude>
    <ClInclude Include="inc\Object\stObjectInfo.h">
      <Filter>標頭檔</Filter>
    </ClInclude>
    <ClInclude Include="inc\Object\CBaseObject.h">
      <Filter>標頭檔</Filter>
    </ClInclude>
    <ClInclude Include="inc\Object\CStaticObject.h">
      <Filter>標頭檔</Filter>
    </ClInclude>
    <ClInclude Include="inc\Object\CPortalObject.h">
      <Filter>標頭檔</Filter>
    </ClInclude>
    <ClInclude Include="inc\Object\CEffectObject.h">
      <Filter>標頭檔</Filter>
    </ClInclude>
    <ClInclude Include="inc\Object\cltAniObject.h">
      <Filter>標頭檔</Filter>
    </ClInclude>
    <ClInclude Include="inc\Object\CObjectResourceManager.h">
      <Filter>標頭檔</Filter>
    </ClInclude>
    <ClInclude Include="inc\Object\CObjectManager.h">
      <Filter>標頭檔</Filter>
    </ClInclude>
    <ClInclude Include="inc\Object\cltAnimationObjectManager.h">
      <Filter>標頭檔</Filter>
    </ClInclude>
    <ClInclude Include="inc\Object\cltNPC_Object.h">
      <Filter>標頭檔</Filter>
    </ClInclude>
    <ClInclude Include="inc\Object\clTransportObject.h">
      <Filter>標頭檔</Filter>
    </ClInclude>
    <ClInclude Include="inc\Object\CNPCObject.h">
      <Filter>標頭檔</Filter>
    </ClInclude>
    <ClInclude Include="inc\Object\DrawObject_All.h">
      <Filter>標頭檔</Filter>
    </ClInclude>
    <ClInclude Include="inc\Object\cltMoF_SpiritObject.h">
      <Filter>標頭檔</Filter>
    </ClInclude>
    <ClInclude Include="inc\UI\CUIManager.h">
      <Filter>標頭檔</Filter>
    </ClInclude>
    <ClInclude Include="inc\UI\CUITutorial.h">
      <Filter>標頭檔</Filter>
    </ClInclude>
    <ClInclude Include="inc\Info\cltClientPetKindInfo.h">
      <Filter>標頭檔</Filter>
    </ClInclude>
    <ClInclude Include="inc\Info\cltClientCharKindInfo.h">
      <Filter>標頭檔</Filter>
    </ClInclude>
    <ClInclude Include="inc\Info\cltClientPortalInfo.h">
      <Filter>標頭檔</Filter>
    </ClInclude>
    <ClInclude Include="inc\Logic\cltMiniGame_Button.h">
      <Filter>標頭檔</Filter>
    </ClInclude>
    <ClInclude Include="inc\Logic\cltMoF_ClientMine.h">
      <Filter>標頭檔</Filter>
    </ClInclude>
    <ClInclude Include="inc\Logic\CPlayerSpirit.h">
      <Filter>標頭檔</Filter>
    </ClInclude>
    <ClInclude Include="inc\Logic\CSpiritGossip.h">
      <Filter>標頭檔</Filter>
    </ClInclude>
    <ClInclude Include="inc\Logic\CSpiritQuestSpeech.h">
      <Filter>標頭檔</Filter>
    </ClInclude>
    <ClInclude Include="inc\Logic\CSpiritSpeech.h">
      <Filter>標頭檔</Filter>
    </ClInclude>
    <ClInclude Include="inc\Logic\SpiritGossipParser.h">
      <Filter>標頭檔</Filter>
    </ClInclude>
    <ClInclude Include="inc\Logic\SpiritSpeechParser.h">
      <Filter>標頭檔</Filter>
    </ClInclude>
    <ClInclude Include="inc\Logic\DirectInputManager.h">
      <Filter>標頭檔</Filter>
    </ClInclude>
    <ClInclude Include="inc\Logic\XJoyStick.h">
      <Filter>標頭檔</Filter>
    </ClInclude>
    <ClInclude Include="inc\UI\CControlBoxCashShop.h">
      <Filter>標頭檔</Filter>
    </ClInclude>
    <ClInclude Include="inc\UI\CControlBoxCreateChar.h">
      <Filter>標頭檔</Filter>
    </ClInclude>
    <ClInclude Include="inc\UI\CControlBoxMySAItem.h">
      <Filter>標頭檔</Filter>
    </ClInclude>
    <ClInclude Include="inc\UI\CControlBoxPopMenu.h">
      <Filter>標頭檔</Filter>
    </ClInclude>
    <ClInclude Include="inc\UI\CControlBoxPrivateShop.h">
      <Filter>標頭檔</Filter>
    </ClInclude>
    <ClInclude Include="inc\UI\CControlBoxQSL.h">
      <Filter>標頭檔</Filter>
    </ClInclude>
    <ClInclude Include="inc\UI\CControlBoxSAReceiveItem.h">
      <Filter>標頭檔</Filter>
    </ClInclude>
    <ClInclude Include="inc\UI\CControlScrollBar.h">
      <Filter>標頭檔</Filter>
    </ClInclude>
    <ClInclude Include="inc\UI\CControlScrollText.h">
      <Filter>標頭檔</Filter>
    </ClInclude>
    <ClInclude Include="inc\UI\CTextBoxScroll.h">
      <Filter>標頭檔</Filter>
    </ClInclude>
    <ClInclude Include="inc\UI\CControlBoxPetInfo.h">
      <Filter>標頭檔</Filter>
    </ClInclude>
    <ClInclude Include="inc\Character\CCA.h">
      <Filter>標頭檔</Filter>
    </ClInclude>
    <ClInclude Include="inc\UI\CControlCA.h">
      <Filter>標頭檔</Filter>
    </ClInclude>
    <ClInclude Include="inc\UI\CControlCharBox.h">
      <Filter>標頭檔</Filter>
    </ClInclude>
    <ClInclude Include="inc\Logic\cltChattingMgr.h">
      <Filter>標頭檔</Filter>
    </ClInclude>
    <ClInclude Include="inc\UI\CControlChatPrint.h">
      <Filter>標頭檔</Filter>
    </ClInclude>
    <ClInclude Include="inc\UI\CMessageBoxManager.h">
      <Filter>標頭檔</Filter>
    </ClInclude>
    <ClInclude Include="inc\UI\CUIBase.h">
      <Filter>標頭檔</Filter>
    </ClInclude>
    <ClInclude Include="inc\UI\CUIMessageBoxTypes.h">
      <Filter>標頭檔</Filter>
    </ClInclude>
    <ClInclude Include="inc\UI\CToolTip.h">
      <Filter>標頭檔</Filter>
    </ClInclude>
    <ClInclude Include="inc\UI\CToolTipManager.h">
      <Filter>標頭檔</Filter>
    </ClInclude>
    <ClInclude Include="inc\UI\CUIWorldMap.h">
      <Filter>標頭檔</Filter>
    </ClInclude>
    <ClInclude Include="inc\Info\cltRegenMonsterKindInfo.h">
      <Filter>標頭檔</Filter>
    </ClInclude>
    <ClInclude Include="inc\MiniGame\Ani_Board.h">
      <Filter>標頭檔\MiniGame</Filter>
    </ClInclude>
    <ClInclude Include="inc\MiniGame\BackGroundMgr.h">
      <Filter>標頭檔\MiniGame</Filter>
    </ClInclude>
    <ClInclude Include="inc\MiniGame\BoardMgr.h">
      <Filter>標頭檔\MiniGame</Filter>
    </ClInclude>
    <ClInclude Include="inc\MiniGame\cltMoF_BaseMiniGame.h">
      <Filter>標頭檔\MiniGame</Filter>
    </ClInclude>
    <ClInclude Include="inc\MiniGame\cltValidMiniGameScore.h">
      <Filter>標頭檔\MiniGame</Filter>
    </ClInclude>
    <ClInclude Include="inc\MiniGame\cltMini_Sword_2.h">
      <Filter>標頭檔\MiniGame</Filter>
    </ClInclude>
  </ItemGroup>
  <ItemGroup>
    <Library Include="lib\fmod64vc.lib" />
  </ItemGroup>
  <ItemGroup>
    <Filter Include="Header Files" />
  </ItemGroup>
  <ItemGroup>
    <Filter Include="Source Files" />
  </ItemGroup>
</Project>