<?xml version="1.0" encoding="utf-8"?>
<Project ToolsVersion="4.0" xmlns="http://schemas.microsoft.com/developer/msbuild/2003">
  <ItemGroup>
    <Filter Include="來源檔案">
      <UniqueIdentifier>{4FC737F1-C7A5-4376-A066-2A32D752A2FF}</UniqueIdentifier>
      <Extensions>cpp;c;cc;cxx;c++;cppm;ixx;def;odl;idl;hpj;bat;asm;asmx</Extensions>
    </Filter>
    <Filter Include="標頭檔">
      <UniqueIdentifier>{93995380-89BD-4b04-88EB-625FBE52EBFB}</UniqueIdentifier>
      <Extensions>h;hh;hpp;hxx;h++;hm;inl;inc;ipp;xsd</Extensions>
    </Filter>
    <Filter Include="資源檔">
      <UniqueIdentifier>{67DA6AB6-F800-4c08-8B7A-83BB121AAD01}</UniqueIdentifier>
      <Extensions>rc;ico;cur;bmp;dlg;rc2;rct;bin;rgs;gif;jpg;jpeg;jpe;resx;tiff;tif;png;wav;mfcribbon-ms</Extensions>
    </Filter>
    <Filter Include="來源檔案\Sound">
      <UniqueIdentifier>{518d8522-100d-4d76-819a-cdc51fadda59}</UniqueIdentifier>
    </Filter>
    <Filter Include="標頭檔\Sound">
      <UniqueIdentifier>{67ab20e8-aa8c-49b8-9578-1145e0dc83c0}</UniqueIdentifier>
    </Filter>
    <Filter Include="標頭檔\fmod">
      <UniqueIdentifier>{012e5b89-20ab-41e0-b3d3-5a78ac89a086}</UniqueIdentifier>
    </Filter>
  </ItemGroup>
  <ItemGroup>
    <ClCompile Include="main.cpp">
      <Filter>來源檔案</Filter>
    </ClCompile>
    <ClCompile Include="src\nfs.cpp">
      <Filter>來源檔案</Filter>
    </ClCompile>
    <ClCompile Include="src\nfs_test.cpp">
      <Filter>來源檔案</Filter>
    </ClCompile>
    <ClCompile Include="src\CMOFPacking.cpp">
      <Filter>來源檔案</Filter>
    </ClCompile>
    <ClCompile Include="src\Sound\COgg.cpp">
      <Filter>來源檔案\Sound</Filter>
    </ClCompile>
    <ClCompile Include="src\cm_packing_integration_test.cpp">
      <Filter>來源檔案</Filter>
    </ClCompile>
    <ClCompile Include="src\Image\Comp.cpp">
      <Filter>來源檔案</Filter>
    </ClCompile>
    <ClCompile Include="src\Image\GIVertex.cpp">
      <Filter>來源檔案</Filter>
    </ClCompile>
    <ClCompile Include="src\Image\CDeviceManager.cpp">
      <Filter>來源檔案</Filter>
    </ClCompile>
    <ClCompile Include="src\Image\ImageResource.cpp">
      <Filter>來源檔案</Filter>
    </ClCompile>
    <ClCompile Include="src\Image\ImageResourceListDataMgr.cpp">
      <Filter>來源檔案</Filter>
    </ClCompile>
    <ClCompile Include="src\Image\CDeviceResetManager.cpp">
      <Filter>來源檔案</Filter>
    </ClCompile>
    <ClCompile Include="src\Image\cltBaseResource.cpp">
      <Filter>來源檔案</Filter>
    </ClCompile>
    <ClCompile Include="src\Image\cltGIResource.cpp">
      <Filter>來源檔案</Filter>
    </ClCompile>
    <ClCompile Include="src\Image\Image.cpp">
      <Filter>來源檔案</Filter>
    </ClCompile>
    <ClCompile Include="src\Image\BackgroundImage.cpp">
      <Filter>來源檔案</Filter>
    </ClCompile>
    <ClCompile Include="src\Image\cltImageManager.cpp">
      <Filter>來源檔案</Filter>
    </ClCompile>
    <ClCompile Include="src\Image\GameImage.cpp">
      <Filter>來源檔案</Filter>
    </ClCompile>
    <ClCompile Include="src\Image\LoadingThread.cpp">
      <Filter>來源檔案</Filter>
    </ClCompile>
    <ClCompile Include="src\Image\ResourceMgr.cpp">
      <Filter>來源檔案</Filter>
    </ClCompile>
    <ClCompile Include="src\Test\CompTest.cpp">
      <Filter>來源檔案</Filter>
    </ClCompile>
    <ClCompile Include="src\Test\ImageTest.cpp">
      <Filter>來源檔案</Filter>
    </ClCompile>
    <ClCompile Include="src\Image\VertexBufferDataMgr.cpp">
      <Filter>來源檔案</Filter>
    </ClCompile>
    <ClCompile Include="src\Image\TextureListDataMgr.cpp">
      <Filter>來源檔案</Filter>
    </ClCompile>
    <ClCompile Include="src\Test\ImageDrawTest.cpp">
      <Filter>來源檔案</Filter>
    </ClCompile>
    <ClCompile Include="src\Effect\CEffectBase.cpp">
      <Filter>來源檔案</Filter>
    </ClCompile>
    <ClCompile Include="src\Effect\CCAEffect.cpp">
      <Filter>來源檔案</Filter>
    </ClCompile>
    <ClCompile Include="src\global.cpp">
      <Filter>來源檔案</Filter>
    </ClCompile>
    <ClCompile Include="src\Effect\CEffectManager.cpp">
      <Filter>來源檔案</Filter>
    </ClCompile>
    <ClCompile Include="src\Effect\cltMoFC_EffectKindInfo.cpp">
      <Filter>來源檔案</Filter>
    </ClCompile>
    <ClCompile Include="src\Effect\CEAManager.cpp">
      <Filter>來源檔案</Filter>
    </ClCompile>
    <ClCompile Include="src\Effect\CEffect_Skill_Type_Once.cpp">
      <Filter>來源檔案</Filter>
    </ClCompile>
    <ClCompile Include="src\Effect\CEffect_Skill_Type_Directed.cpp">
      <Filter>來源檔案</Filter>
    </ClCompile>
    <ClCompile Include="src\Effect\CEffect_Skill_Type_Sustain.cpp">
      <Filter>來源檔案</Filter>
    </ClCompile>
    <ClCompile Include="src\Effect\CEffect_Skill_Type_ShootUnit.cpp">
      <Filter>來源檔案</Filter>
    </ClCompile>
    <ClCompile Include="src\Effect\CEffect_Battle_GunShoot.cpp">
      <Filter>來源檔案</Filter>
    </ClCompile>
    <ClCompile Include="src\Effect\CEffect_Battle_GunSpark.cpp">
      <Filter>來源檔案</Filter>
    </ClCompile>
    <ClCompile Include="src\Effect\CEffect_Field_Walkdust.cpp">
      <Filter>來源檔案</Filter>
    </ClCompile>
    <ClCompile Include="src\Effect\CEffect_Item_Type_Once.cpp">
      <Filter>來源檔案</Filter>
    </ClCompile>
    <ClCompile Include="src\Effect\CEffectUseHitMulti.cpp">
      <Filter>來源檔案</Filter>
    </ClCompile>
    <ClCompile Include="src\Effect\CEffect_Battle_BowShoot.cpp">
      <Filter>來源檔案</Filter>
    </ClCompile>
    <ClCompile Include="src\Effect\CEffect_Battle_Hit_Normal.cpp">
      <Filter>來源檔案</Filter>
    </ClCompile>
    <ClCompile Include="src\Effect\CEffect_Battle_HorizonCut.cpp">
      <Filter>來源檔案</Filter>
    </ClCompile>
    <ClCompile Include="src\Effect\CEffect_Battle_MagicBook.cpp">
      <Filter>來源檔案</Filter>
    </ClCompile>
    <ClCompile Include="src\Effect\CEffect_Battle_DownCut.cpp">
      <Filter>來源檔案</Filter>
    </ClCompile>
    <ClCompile Include="src\Effect\CEffect_Battle_Pierce.cpp">
      <Filter>來源檔案</Filter>
    </ClCompile>
    <ClCompile Include="src\Effect\CEffect_Battle_StaffShoot.cpp">
      <Filter>來源檔案</Filter>
    </ClCompile>
    <ClCompile Include="src\Effect\CEffect_Battle_TwoHandCut.cpp">
      <Filter>來源檔案</Filter>
    </ClCompile>
    <ClCompile Include="src\Effect\CEffect_Battle_UpperCut.cpp">
      <Filter>來源檔案</Filter>
    </ClCompile>
    <ClCompile Include="src\Effect\CEffect_Field_AttackMiss.cpp">
      <Filter>來源檔案</Filter>
    </ClCompile>
    <ClCompile Include="src\Effect\CEffect_Field_CriticalNumber.cpp">
      <Filter>來源檔案</Filter>
    </ClCompile>
    <ClCompile Include="src\Effect\CEffect_Field_DamageNumber.cpp">
      <Filter>來源檔案</Filter>
    </ClCompile>
    <ClCompile Include="src\Effect\CEffect_Field_ExpNumber.cpp">
      <Filter>來源檔案</Filter>
    </ClCompile>
    <ClCompile Include="src\Effect\CEffect_Field_HealNumber.cpp">
      <Filter>來源檔案</Filter>
    </ClCompile>
    <ClCompile Include="src\Effect\CEffect_Field_Pet_ItemPick.cpp">
      <Filter>來源檔案</Filter>
    </ClCompile>
    <ClCompile Include="src\Effect\CEffect_Field_Pet_ItemPick_Sub.cpp">
      <Filter>來源檔案</Filter>
    </ClCompile>
    <ClCompile Include="src\Effect\CEffect_Field_Miss.cpp">
      <Filter>來源檔案</Filter>
    </ClCompile>
    <ClCompile Include="src\Effect\CEffect_Field_ItemPick.cpp">
      <Filter>來源檔案</Filter>
    </ClCompile>
    <ClCompile Include="src\Effect\CEffect_Field_ItemPick_Sub.cpp">
      <Filter>來源檔案</Filter>
    </ClCompile>
    <ClCompile Include="src\Character\ClientCharacter.cpp">
      <Filter>來源檔案</Filter>
    </ClCompile>
    <ClCompile Include="src\Effect\CEffect_OverMind_Screen.cpp">
      <Filter>來源檔案</Filter>
    </ClCompile>
    <ClCompile Include="src\Character\ClientCharacterManager.cpp">
      <Filter>來源檔案</Filter>
    </ClCompile>
    <ClCompile Include="src\Test\EffectSystemTest.cpp">
      <Filter>來源檔案</Filter>
    </ClCompile>
    <ClCompile Include="src\Effect\CEffect_Field_Recall_Potal.cpp">
      <Filter>來源檔案</Filter>
    </ClCompile>
    <ClCompile Include="src\Effect\CEffect_Field_Warp.cpp">
      <Filter>來源檔案</Filter>
    </ClCompile>
    <ClCompile Include="src\Effect\CEffect_Hit_Critical.cpp">
      <Filter>來源檔案</Filter>
    </ClCompile>
    <ClCompile Include="src\Effect\CEffect_Item_Use_HPPotion.cpp">
      <Filter>來源檔案</Filter>
    </ClCompile>
    <ClCompile Include="src\Effect\CEffect_MapEffect.cpp">
      <Filter>來源檔案</Filter>
    </ClCompile>
    <ClCompile Include="src\Effect\CEffect_MiniGame_Archer_String.cpp">
      <Filter>來源檔案</Filter>
    </ClCompile>
    <ClCompile Include="src\Effect\CEffect_MiniGame_Class_Sword.cpp">
      <Filter>來源檔案</Filter>
    </ClCompile>
    <ClCompile Include="src\Effect\CEffect_MiniGame_Fighter_Break.cpp">
      <Filter>來源檔案</Filter>
    </ClCompile>
    <ClCompile Include="src\Effect\CEffect_MiniGame_Fighter_String.cpp">
      <Filter>來源檔案</Filter>
    </ClCompile>
    <ClCompile Include="src\Effect\CEffect_MiniGame_MagicStick_Left.cpp">
      <Filter>來源檔案</Filter>
    </ClCompile>
    <ClCompile Include="src\Effect\CEffect_MiniGame_MagicStick_Right.cpp">
      <Filter>來源檔案</Filter>
    </ClCompile>
    <ClCompile Include="src\Effect\CEffect_MiniGame_Priest_Heal.cpp">
      <Filter>來源檔案</Filter>
    </ClCompile>
    <ClCompile Include="src\Effect\CEffect_MiniGame_Priest_Light.cpp">
      <Filter>來源檔案</Filter>
    </ClCompile>
    <ClCompile Include="src\Effect\CEffect_MiniGame_Wizard_String.cpp">
      <Filter>來源檔案</Filter>
    </ClCompile>
    <ClCompile Include="src\Effect\CEffect_Mon_DarkBall.cpp">
      <Filter>來源檔案</Filter>
    </ClCompile>
    <ClCompile Include="src\Effect\CEffect_Mon_DarkSpark.cpp">
      <Filter>來源檔案</Filter>
    </ClCompile>
    <ClCompile Include="src\Effect\CEffect_Mon_Die_Ghost.cpp">
      <Filter>來源檔案</Filter>
    </ClCompile>
    <ClCompile Include="src\Effect\CEffect_Mon_ElecSpark.cpp">
      <Filter>來源檔案</Filter>
    </ClCompile>
    <ClCompile Include="src\Effect\CEffect_Mon_FireSpark.cpp">
      <Filter>來源檔案</Filter>
    </ClCompile>
    <ClCompile Include="src\Effect\CEffect_Pet_Base.cpp">
      <Filter>來源檔案</Filter>
    </ClCompile>
    <ClCompile Include="src\Pet\cltPetObject.cpp">
      <Filter>來源檔案</Filter>
    </ClCompile>
    <ClCompile Include="src\Effect\CEffect_Player_Dead.cpp">
      <Filter>來源檔案</Filter>
    </ClCompile>
    <ClCompile Include="src\Effect\CEffect_Player_EnchantLevel.cpp">
      <Filter>來源檔案</Filter>
    </ClCompile>
    <ClCompile Include="src\Effect\CEffect_Player_FItem_Effect.cpp">
      <Filter>來源檔案</Filter>
    </ClCompile>
    <ClCompile Include="src\Effect\CEffect_Player_Goggles.cpp">
      <Filter>來源檔案</Filter>
    </ClCompile>
    <ClCompile Include="src\Effect\CEffect_Player_MapConqueror.cpp">
      <Filter>來源檔案</Filter>
    </ClCompile>
    <ClCompile Include="src\Effect\CEffect_Player_PCRoom_Effect.cpp">
      <Filter>來源檔案</Filter>
    </ClCompile>
    <ClCompile Include="src\Effect\CEffect_Player_Special_Top_Effect.cpp">
      <Filter>來源檔案</Filter>
    </ClCompile>
    <ClCompile Include="src\Effect\CEffect_Player_Special_Bottom_Effect.cpp">
      <Filter>來源檔案</Filter>
    </ClCompile>
    <ClCompile Include="src\Effect\CEffect_Player_Tolerance.cpp">
      <Filter>來源檔案</Filter>
    </ClCompile>
    <ClCompile Include="src\Effect\CEffect_Player_WeatherPreView.cpp">
      <Filter>來源檔案</Filter>
    </ClCompile>
    <ClCompile Include="src\Effect\CEffect_Portal.cpp">
      <Filter>來源檔案</Filter>
    </ClCompile>
  </ItemGroup>
  <ItemGroup>
    <ClInclude Include="inc\nfs.h">
      <Filter>標頭檔</Filter>
    </ClInclude>
    <ClInclude Include="inc\nfs_test.h">
      <Filter>標頭檔</Filter>
    </ClInclude>
    <ClInclude Include="inc\CMOFPacking.h">
      <Filter>標頭檔</Filter>
    </ClInclude>
    <ClInclude Include="inc\Sound\COgg.h">
      <Filter>標頭檔\Sound</Filter>
    </ClInclude>
    <ClInclude Include="inc\fmod\fmod.h">
      <Filter>標頭檔\fmod</Filter>
    </ClInclude>
    <ClInclude Include="inc\fmod\fmod_errors.h">
      <Filter>標頭檔\fmod</Filter>
    </ClInclude>
    <ClInclude Include="inc\fmod\fmoddyn.h">
      <Filter>標頭檔\fmod</Filter>
    </ClInclude>
    <ClInclude Include="inc\fmod\wincompat.h">
      <Filter>標頭檔\fmod</Filter>
    </ClInclude>
    <ClInclude Include="inc\cm_packing_integration_test.h">
      <Filter>標頭檔</Filter>
    </ClInclude>
    <ClInclude Include="inc\Image\Comp.h">
      <Filter>標頭檔</Filter>
    </ClInclude>
    <ClInclude Include="inc\Image\GIVertex.h">
      <Filter>標頭檔</Filter>
    </ClInclude>
    <ClInclude Include="inc\Image\CDeviceManager.h">
      <Filter>標頭檔</Filter>
    </ClInclude>
    <ClInclude Include="inc\Image\ImageResource.h">
      <Filter>標頭檔</Filter>
    </ClInclude>
    <ClInclude Include="inc\Image\ImageResourceListDataMgr.h">
      <Filter>標頭檔</Filter>
    </ClInclude>
    <ClInclude Include="inc\Image\CDeviceResetManager.h">
      <Filter>標頭檔</Filter>
    </ClInclude>
    <ClInclude Include="inc\Image\cltBaseResource.h">
      <Filter>標頭檔</Filter>
    </ClInclude>
    <ClInclude Include="inc\Image\cltGIResource.h">
      <Filter>標頭檔</Filter>
    </ClInclude>
    <ClInclude Include="inc\Image\Image.h">
      <Filter>標頭檔</Filter>
    </ClInclude>
    <ClInclude Include="inc\Image\BackgroundImage.h">
      <Filter>標頭檔</Filter>
    </ClInclude>
    <ClInclude Include="inc\Image\GameImage.h">
      <Filter>標頭檔</Filter>
    </ClInclude>
    <ClInclude Include="inc\Image\cltImageManager.h">
      <Filter>標頭檔</Filter>
    </ClInclude>
    <ClInclude Include="inc\Image\LoadingThread.h">
      <Filter>標頭檔</Filter>
    </ClInclude>
    <ClInclude Include="inc\Image\ResourceMgr.h">
      <Filter>標頭檔</Filter>
    </ClInclude>
    <ClInclude Include="inc\Test\CompTest.h">
      <Filter>標頭檔</Filter>
    </ClInclude>
    <ClInclude Include="inc\Test\ImageTest.h">
      <Filter>標頭檔</Filter>
    </ClInclude>
    <ClInclude Include="inc\Image\VertexBufferDataMgr.h">
      <Filter>標頭檔</Filter>
    </ClInclude>
    <ClInclude Include="inc\Image\TextureListDataMgr.h">
      <Filter>標頭檔</Filter>
    </ClInclude>
    <ClInclude Include="inc\Test\ImageDrawTest.h">
      <Filter>標頭檔</Filter>
    </ClInclude>
    <ClInclude Include="inc\Effect\CEffectBase.h">
      <Filter>標頭檔</Filter>
    </ClInclude>
    <ClInclude Include="inc\Effect\CCAEffect.h">
      <Filter>標頭檔</Filter>
    </ClInclude>
    <ClInclude Include="inc\global.h">
      <Filter>標頭檔</Filter>
    </ClInclude>
    <ClInclude Include="inc\Effect\CEffectManager.h">
      <Filter>標頭檔</Filter>
    </ClInclude>
    <ClInclude Include="inc\Effect\cltMoFC_EffectKindInfo.h">
      <Filter>標頭檔</Filter>
    </ClInclude>
    <ClInclude Include="inc\Effect\CEAManager.h">
      <Filter>標頭檔</Filter>
    </ClInclude>
    <ClInclude Include="inc\Effect\CEffect_Skill_Type_Once.h">
      <Filter>標頭檔</Filter>
    </ClInclude>
    <ClInclude Include="inc\Effect\CEffect_Skill_Type_Directed.h">
      <Filter>標頭檔</Filter>
    </ClInclude>
    <ClInclude Include="inc\Effect\CEffect_Skill_Type_Sustain.h">
      <Filter>標頭檔</Filter>
    </ClInclude>
    <ClInclude Include="inc\Effect\CEffect_Skill_Type_ShootUnit.h">
      <Filter>標頭檔</Filter>
    </ClInclude>
    <ClInclude Include="inc\Effect\CEffect_Battle_GunShoot.h">
      <Filter>標頭檔</Filter>
    </ClInclude>
    <ClInclude Include="inc\Effect\CEffect_Battle_GunSpark.h">
      <Filter>標頭檔</Filter>
    </ClInclude>
    <ClInclude Include="inc\Effect\CEffect_Field_Walkdust.h">
      <Filter>標頭檔</Filter>
    </ClInclude>
    <ClInclude Include="inc\Effect\CEffect_Item_Type_Once.h">
      <Filter>標頭檔</Filter>
    </ClInclude>
    <ClInclude Include="inc\Effect\CEffectUseHitMulti.h">
      <Filter>標頭檔</Filter>
    </ClInclude>
    <ClInclude Include="inc\Effect\CEffect_Battle_BowShoot.h">
      <Filter>標頭檔</Filter>
    </ClInclude>
    <ClInclude Include="inc\Effect\CEffect_Battle_Hit_Normal.h">
      <Filter>標頭檔</Filter>
    </ClInclude>
    <ClInclude Include="inc\Effect\CEffect_Battle_HorizonCut.h">
      <Filter>標頭檔</Filter>
    </ClInclude>
    <ClInclude Include="inc\Effect\CEffect_Battle_MagicBook.h">
      <Filter>標頭檔</Filter>
    </ClInclude>
    <ClInclude Include="inc\Effect\CEffect_Battle_DownCut.h">
      <Filter>標頭檔</Filter>
    </ClInclude>
    <ClInclude Include="inc\Effect\CEffect_Battle_Pierce.h">
      <Filter>標頭檔</Filter>
    </ClInclude>
    <ClInclude Include="inc\Effect\CEffect_Battle_StaffShoot.h">
      <Filter>標頭檔</Filter>
    </ClInclude>
    <ClInclude Include="inc\Effect\CEffect_Battle_TwoHandCut.h">
      <Filter>標頭檔</Filter>
    </ClInclude>
    <ClInclude Include="inc\Effect\CEffect_Battle_UpperCut.h">
      <Filter>標頭檔</Filter>
    </ClInclude>
    <ClInclude Include="inc\Effect\CEffect_Field_AttackMiss.h">
      <Filter>標頭檔</Filter>
    </ClInclude>
    <ClInclude Include="inc\Effect\CEffect_Field_CriticalNumber.h">
      <Filter>標頭檔</Filter>
    </ClInclude>
    <ClInclude Include="inc\Effect\CEffect_Field_DamageNumber.h">
      <Filter>標頭檔</Filter>
    </ClInclude>
    <ClInclude Include="inc\Effect\CEffect_Field_ExpNumber.h">
      <Filter>標頭檔</Filter>
    </ClInclude>
    <ClInclude Include="inc\Effect\CEffect_Field_HealNumber.h">
      <Filter>標頭檔</Filter>
    </ClInclude>
    <ClInclude Include="inc\Effect\CEffect_Field_Pet_ItemPick.h">
      <Filter>標頭檔</Filter>
    </ClInclude>
    <ClInclude Include="inc\Effect\CEffect_Field_Pet_ItemPick_Sub.h">
      <Filter>標頭檔</Filter>
    </ClInclude>
    <ClInclude Include="inc\Effect\CEffect_Field_Miss.h">
      <Filter>標頭檔</Filter>
    </ClInclude>
    <ClInclude Include="inc\Effect\CEffect_Field_ItemPick.h">
      <Filter>標頭檔</Filter>
    </ClInclude>
    <ClInclude Include="inc\Effect\CEffect_Field_ItemPick_Sub.h">
      <Filter>標頭檔</Filter>
    </ClInclude>
    <ClInclude Include="inc\Character\ClientCharacter.h">
      <Filter>標頭檔</Filter>
    </ClInclude>
    <ClInclude Include="inc\Effect\CEffect_OverMind_Screen.h">
      <Filter>標頭檔</Filter>
    </ClInclude>
    <ClInclude Include="inc\Character\ClientCharacterManager.h">
      <Filter>標頭檔</Filter>
    </ClInclude>
    <ClInclude Include="inc\Test\EffectSystemTest.h">
      <Filter>標頭檔</Filter>
    </ClInclude>
    <ClInclude Include="inc\Effect\CEffect_Field_Recall_Potal.h">
      <Filter>標頭檔</Filter>
    </ClInclude>
    <ClInclude Include="inc\Effect\CEffect_Field_Warp.h">
      <Filter>標頭檔</Filter>
    </ClInclude>
    <ClInclude Include="inc\Effect\CEffect_Hit_Critical.h">
      <Filter>標頭檔</Filter>
    </ClInclude>
    <ClInclude Include="inc\Effect\CEffect_Item_Use_HPPotion.h">
      <Filter>標頭檔</Filter>
    </ClInclude>
    <ClInclude Include="inc\Effect\CEffect_MapEffect.h">
      <Filter>標頭檔</Filter>
    </ClInclude>
    <ClInclude Include="inc\Effect\CEffect_MiniGame_Archer_String.h">
      <Filter>標頭檔</Filter>
    </ClInclude>
    <ClInclude Include="inc\Effect\CEffect_MiniGame_Class_Sword.h">
      <Filter>標頭檔</Filter>
    </ClInclude>
    <ClInclude Include="inc\Effect\CEffect_MiniGame_Fighter_Break.h">
      <Filter>標頭檔</Filter>
    </ClInclude>
    <ClInclude Include="inc\Effect\CEffect_MiniGame_Fighter_String.h">
      <Filter>標頭檔</Filter>
    </ClInclude>
    <ClInclude Include="inc\Effect\CEffect_MiniGame_MagicStick_Left.h">
      <Filter>標頭檔</Filter>
    </ClInclude>
    <ClInclude Include="inc\Effect\CEffect_MiniGame_MagicStick_Right.h">
      <Filter>標頭檔</Filter>
    </ClInclude>
    <ClInclude Include="inc\Effect\CEffect_MiniGame_Priest_Heal.h">
      <Filter>標頭檔</Filter>
    </ClInclude>
    <ClInclude Include="inc\Effect\CEffect_MiniGame_Priest_Light.h">
      <Filter>標頭檔</Filter>
    </ClInclude>
    <ClInclude Include="inc\Effect\CEffect_MiniGame_Wizard_String.h">
      <Filter>標頭檔</Filter>
    </ClInclude>
    <ClInclude Include="inc\Effect\CEffect_Mon_DarkBall.h">
      <Filter>標頭檔</Filter>
    </ClInclude>
    <ClInclude Include="inc\Effect\CEffect_Mon_DarkSpark.h">
      <Filter>標頭檔</Filter>
    </ClInclude>
    <ClInclude Include="inc\Effect\CEffect_Mon_Die_Ghost.h">
      <Filter>標頭檔</Filter>
    </ClInclude>
    <ClInclude Include="inc\Effect\CEffect_Mon_ElecSpark.h">
      <Filter>標頭檔</Filter>
    </ClInclude>
    <ClInclude Include="inc\Effect\CEffect_Mon_FireSpark.h">
      <Filter>標頭檔</Filter>
    </ClInclude>
    <ClInclude Include="inc\Effect\CEffect_Pet_Base.h">
      <Filter>標頭檔</Filter>
    </ClInclude>
    <ClInclude Include="inc\Pet\cltPetObject.h">
      <Filter>標頭檔</Filter>
    </ClInclude>
    <ClInclude Include="inc\Effect\CEffect_Player_Dead.h">
      <Filter>標頭檔</Filter>
    </ClInclude>
    <ClInclude Include="inc\Effect\CEffect_Player_EnchantLevel.h">
      <Filter>標頭檔</Filter>
    </ClInclude>
    <ClInclude Include="inc\Effect\CEffect_Player_FItem_Effect.h">
      <Filter>標頭檔</Filter>
    </ClInclude>
    <ClInclude Include="inc\Effect\CEffect_Player_Goggles.h">
      <Filter>標頭檔</Filter>
    </ClInclude>
    <ClInclude Include="inc\Effect\CEffect_Player_MapConqueror.h">
      <Filter>標頭檔</Filter>
    </ClInclude>
    <ClInclude Include="inc\Effect\CEffect_Player_PCRoom_Effect.h">
      <Filter>標頭檔</Filter>
    </ClInclude>
    <ClInclude Include="inc\Effect\CEffect_Player_Special_Top_Effect.h">
      <Filter>標頭檔</Filter>
    </ClInclude>
    <ClInclude Include="inc\Effect\CEffect_Player_Special_Bottom_Effect.h">
      <Filter>標頭檔</Filter>
    </ClInclude>
    <ClInclude Include="inc\Effect\CEffect_Player_Tolerance.h">
      <Filter>標頭檔</Filter>
    </ClInclude>
    <ClInclude Include="inc\Effect\CEffect_Player_WeatherPreView.h">
      <Filter>標頭檔</Filter>
    </ClInclude>
    <ClInclude Include="inc\Effect\CEffect_Portal.h">
      <Filter>標頭檔</Filter>
    </ClInclude>
  </ItemGroup>
  <ItemGroup>
    <Library Include="lib\fmod64vc.lib" />
  </ItemGroup>
</Project>